
Microsoft Visual Studio Solution File, Format Version 12.00
# Visual Studio 2013
VisualStudioVersion = 12.0.40629.0
MinimumVisualStudioVersion = 10.0.40219.1
Project("{FAE04EC0-301F-11D3-BF4B-00C04F79EFBC}") = "Options", "Options\Options.csproj", "{F9613FD5-3826-4911-AC1D-5C38408E708D}"
EndProject
Project("{8BC9CEB8-8B4A-11D0-8D11-00A0C91BC942}") = "Monitor", "Monitor\Monitor.vcxproj", "{811EDE63-7C0E-4A12-B5DF-A846A68BD8EB}"
EndProject
Project("{FAE04EC0-301F-11D3-BF4B-00C04F79EFBC}") = "Manager", "Manager\Manager.csproj", "{AEB1BCAE-0472-4B08-AFC0-2F58DD6A1593}"
EndProject
Global
	GlobalSection(SolutionConfigurationPlatforms) = preSolution
		CD_ROM|Any CPU = CD_ROM|Any CPU
		CD_ROM|Mixed Platforms = CD_ROM|Mixed Platforms
		CD_ROM|Win32 = CD_ROM|Win32
		CD_ROM|x86 = CD_ROM|x86
		Debug|Any CPU = Debug|Any CPU
		Debug|Mixed Platforms = Debug|Mixed Platforms
		Debug|Win32 = Debug|Win32
		Debug|x86 = Debug|x86
		DVD-5|Any CPU = DVD-5|Any CPU
		DVD-5|Mixed Platforms = DVD-5|Mixed Platforms
		DVD-5|Win32 = DVD-5|Win32
		DVD-5|x86 = DVD-5|x86
		Release|Any CPU = Release|Any CPU
		Release|Mixed Platforms = Release|Mixed Platforms
		Release|Win32 = Release|Win32
		Release|x86 = Release|x86
		SingleImage|Any CPU = SingleImage|Any CPU
		SingleImage|Mixed Platforms = SingleImage|Mixed Platforms
		SingleImage|Win32 = SingleImage|Win32
		SingleImage|x86 = SingleImage|x86
	EndGlobalSection
	GlobalSection(ProjectConfigurationPlatforms) = postSolution
		{F9613FD5-3826-4911-AC1D-5C38408E708D}.CD_ROM|Any CPU.ActiveCfg = Release|x86
		{F9613FD5-3826-4911-AC1D-5C38408E708D}.CD_ROM|Mixed Platforms.ActiveCfg = Release|x86
		{F9613FD5-3826-4911-AC1D-5C38408E708D}.CD_ROM|Mixed Platforms.Build.0 = Release|x86
		{F9613FD5-3826-4911-AC1D-5C38408E708D}.CD_ROM|Win32.ActiveCfg = Release|x86
		{F9613FD5-3826-4911-AC1D-5C38408E708D}.CD_ROM|Win32.Build.0 = Release|x86
		{F9613FD5-3826-4911-AC1D-5C38408E708D}.CD_ROM|x86.ActiveCfg = Release|x86
		{F9613FD5-3826-4911-AC1D-5C38408E708D}.CD_ROM|x86.Build.0 = Release|x86
		{F9613FD5-3826-4911-AC1D-5C38408E708D}.Debug|Any CPU.ActiveCfg = Debug|x86
		{F9613FD5-3826-4911-AC1D-5C38408E708D}.Debug|Mixed Platforms.ActiveCfg = Debug|x86
		{F9613FD5-3826-4911-AC1D-5C38408E708D}.Debug|Mixed Platforms.Build.0 = Debug|x86
		{F9613FD5-3826-4911-AC1D-5C38408E708D}.Debug|Win32.ActiveCfg = Debug|x86
		{F9613FD5-3826-4911-AC1D-5C38408E708D}.Debug|Win32.Build.0 = Debug|x86
		{F9613FD5-3826-4911-AC1D-5C38408E708D}.Debug|x86.ActiveCfg = Debug|x86
		{F9613FD5-3826-4911-AC1D-5C38408E708D}.Debug|x86.Build.0 = Debug|x86
		{F9613FD5-3826-4911-AC1D-5C38408E708D}.DVD-5|Any CPU.ActiveCfg = Debug|x86
		{F9613FD5-3826-4911-AC1D-5C38408E708D}.DVD-5|Mixed Platforms.ActiveCfg = Debug|x86
		{F9613FD5-3826-4911-AC1D-5C38408E708D}.DVD-5|Mixed Platforms.Build.0 = Debug|x86
		{F9613FD5-3826-4911-AC1D-5C38408E708D}.DVD-5|Win32.ActiveCfg = Debug|x86
		{F9613FD5-3826-4911-AC1D-5C38408E708D}.DVD-5|Win32.Build.0 = Debug|x86
		{F9613FD5-3826-4911-AC1D-5C38408E708D}.DVD-5|x86.ActiveCfg = Debug|x86
		{F9613FD5-3826-4911-AC1D-5C38408E708D}.DVD-5|x86.Build.0 = Debug|x86
		{F9613FD5-3826-4911-AC1D-5C38408E708D}.Release|Any CPU.ActiveCfg = Release|x86
		{F9613FD5-3826-4911-AC1D-5C38408E708D}.Release|Mixed Platforms.ActiveCfg = Release|x86
		{F9613FD5-3826-4911-AC1D-5C38408E708D}.Release|Mixed Platforms.Build.0 = Release|x86
		{F9613FD5-3826-4911-AC1D-5C38408E708D}.Release|Win32.ActiveCfg = Release|x86
		{F9613FD5-3826-4911-AC1D-5C38408E708D}.Release|Win32.Build.0 = Release|x86
		{F9613FD5-3826-4911-AC1D-5C38408E708D}.Release|x86.ActiveCfg = Release|x86
		{F9613FD5-3826-4911-AC1D-5C38408E708D}.Release|x86.Build.0 = Release|x86
		{F9613FD5-3826-4911-AC1D-5C38408E708D}.SingleImage|Any CPU.ActiveCfg = Release|x86
		{F9613FD5-3826-4911-AC1D-5C38408E708D}.SingleImage|Mixed Platforms.ActiveCfg = Release|x86
		{F9613FD5-3826-4911-AC1D-5C38408E708D}.SingleImage|Mixed Platforms.Build.0 = Release|x86
		{F9613FD5-3826-4911-AC1D-5C38408E708D}.SingleImage|Win32.ActiveCfg = Release|x86
		{F9613FD5-3826-4911-AC1D-5C38408E708D}.SingleImage|Win32.Build.0 = Release|x86
		{F9613FD5-3826-4911-AC1D-5C38408E708D}.SingleImage|x86.ActiveCfg = Release|x86
		{F9613FD5-3826-4911-AC1D-5C38408E708D}.SingleImage|x86.Build.0 = Release|x86
		{811EDE63-7C0E-4A12-B5DF-A846A68BD8EB}.CD_ROM|Any CPU.ActiveCfg = Release|Win32
		{811EDE63-7C0E-4A12-B5DF-A846A68BD8EB}.CD_ROM|Mixed Platforms.ActiveCfg = Release|Win32
		{811EDE63-7C0E-4A12-B5DF-A846A68BD8EB}.CD_ROM|Mixed Platforms.Build.0 = Release|Win32
		{811EDE63-7C0E-4A12-B5DF-A846A68BD8EB}.CD_ROM|Win32.ActiveCfg = Release|Win32
		{811EDE63-7C0E-4A12-B5DF-A846A68BD8EB}.CD_ROM|Win32.Build.0 = Release|Win32
		{811EDE63-7C0E-4A12-B5DF-A846A68BD8EB}.CD_ROM|x86.ActiveCfg = Release|Win32
		{811EDE63-7C0E-4A12-B5DF-A846A68BD8EB}.CD_ROM|x86.Build.0 = Release|Win32
		{811EDE63-7C0E-4A12-B5DF-A846A68BD8EB}.Debug|Any CPU.ActiveCfg = Debug|Win32
		{811EDE63-7C0E-4A12-B5DF-A846A68BD8EB}.Debug|Mixed Platforms.ActiveCfg = Debug|Win32
		{811EDE63-7C0E-4A12-B5DF-A846A68BD8EB}.Debug|Mixed Platforms.Build.0 = Debug|Win32
		{811EDE63-7C0E-4A12-B5DF-A846A68BD8EB}.Debug|Win32.ActiveCfg = Debug|Win32
		{811EDE63-7C0E-4A12-B5DF-A846A68BD8EB}.Debug|Win32.Build.0 = Debug|Win32
		{811EDE63-7C0E-4A12-B5DF-A846A68BD8EB}.Debug|x86.ActiveCfg = Debug|Win32
		{811EDE63-7C0E-4A12-B5DF-A846A68BD8EB}.Debug|x86.Build.0 = Debug|Win32
		{811EDE63-7C0E-4A12-B5DF-A846A68BD8EB}.DVD-5|Any CPU.ActiveCfg = Debug|Win32
		{811EDE63-7C0E-4A12-B5DF-A846A68BD8EB}.DVD-5|Mixed Platforms.ActiveCfg = Debug|Win32
		{811EDE63-7C0E-4A12-B5DF-A846A68BD8EB}.DVD-5|Mixed Platforms.Build.0 = Debug|Win32
		{811EDE63-7C0E-4A12-B5DF-A846A68BD8EB}.DVD-5|Win32.ActiveCfg = Debug|Win32
		{811EDE63-7C0E-4A12-B5DF-A846A68BD8EB}.DVD-5|Win32.Build.0 = Debug|Win32
		{811EDE63-7C0E-4A12-B5DF-A846A68BD8EB}.DVD-5|x86.ActiveCfg = Debug|Win32
		{811EDE63-7C0E-4A12-B5DF-A846A68BD8EB}.DVD-5|x86.Build.0 = Debug|Win32
		{811EDE63-7C0E-4A12-B5DF-A846A68BD8EB}.Release|Any CPU.ActiveCfg = Release|Win32
		{811EDE63-7C0E-4A12-B5DF-A846A68BD8EB}.Release|Mixed Platforms.ActiveCfg = Release|Win32
		{811EDE63-7C0E-4A12-B5DF-A846A68BD8EB}.Release|Mixed Platforms.Build.0 = Release|Win32
		{811EDE63-7C0E-4A12-B5DF-A846A68BD8EB}.Release|Win32.ActiveCfg = Release|Win32
		{811EDE63-7C0E-4A12-B5DF-A846A68BD8EB}.Release|Win32.Build.0 = Release|Win32
		{811EDE63-7C0E-4A12-B5DF-A846A68BD8EB}.Release|x86.ActiveCfg = Release|Win32
		{811EDE63-7C0E-4A12-B5DF-A846A68BD8EB}.Release|x86.Build.0 = Release|Win32
		{811EDE63-7C0E-4A12-B5DF-A846A68BD8EB}.SingleImage|Any CPU.ActiveCfg = Release|Win32
		{811EDE63-7C0E-4A12-B5DF-A846A68BD8EB}.SingleImage|Mixed Platforms.ActiveCfg = Release|Win32
		{811EDE63-7C0E-4A12-B5DF-A846A68BD8EB}.SingleImage|Mixed Platforms.Build.0 = Release|Win32
		{811EDE63-7C0E-4A12-B5DF-A846A68BD8EB}.SingleImage|Win32.ActiveCfg = Release|Win32
		{811EDE63-7C0E-4A12-B5DF-A846A68BD8EB}.SingleImage|Win32.Build.0 = Release|Win32
		{811EDE63-7C0E-4A12-B5DF-A846A68BD8EB}.SingleImage|x86.ActiveCfg = Release|Win32
		{811EDE63-7C0E-4A12-B5DF-A846A68BD8EB}.SingleImage|x86.Build.0 = Release|Win32
		{AEB1BCAE-0472-4B08-AFC0-2F58DD6A1593}.CD_ROM|Any CPU.ActiveCfg = Release|Any CPU
		{AEB1BCAE-0472-4B08-AFC0-2F58DD6A1593}.CD_ROM|Any CPU.Build.0 = Release|Any CPU
		{AEB1BCAE-0472-4B08-AFC0-2F58DD6A1593}.CD_ROM|Mixed Platforms.ActiveCfg = Release|Any CPU
		{AEB1BCAE-0472-4B08-AFC0-2F58DD6A1593}.CD_ROM|Mixed Platforms.Build.0 = Release|Any CPU
		{AEB1BCAE-0472-4B08-AFC0-2F58DD6A1593}.CD_ROM|Win32.ActiveCfg = Release|Any CPU
		{AEB1BCAE-0472-4B08-AFC0-2F58DD6A1593}.CD_ROM|x86.ActiveCfg = Release|Any CPU
		{AEB1BCAE-0472-4B08-AFC0-2F58DD6A1593}.Debug|Any CPU.ActiveCfg = Debug|Any CPU
		{AEB1BCAE-0472-4B08-AFC0-2F58DD6A1593}.Debug|Any CPU.Build.0 = Debug|Any CPU
		{AEB1BCAE-0472-4B08-AFC0-2F58DD6A1593}.Debug|Mixed Platforms.ActiveCfg = Debug|Any CPU
		{AEB1BCAE-0472-4B08-AFC0-2F58DD6A1593}.Debug|Mixed Platforms.Build.0 = Debug|Any CPU
		{AEB1BCAE-0472-4B08-AFC0-2F58DD6A1593}.Debug|Win32.ActiveCfg = Debug|Any CPU
		{AEB1BCAE-0472-4B08-AFC0-2F58DD6A1593}.Debug|x86.ActiveCfg = Debug|Any CPU
		{AEB1BCAE-0472-4B08-AFC0-2F58DD6A1593}.DVD-5|Any CPU.ActiveCfg = Debug|Any CPU
		{AEB1BCAE-0472-4B08-AFC0-2F58DD6A1593}.DVD-5|Any CPU.Build.0 = Debug|Any CPU
		{AEB1BCAE-0472-4B08-AFC0-2F58DD6A1593}.DVD-5|Mixed Platforms.ActiveCfg = Debug|Any CPU
		{AEB1BCAE-0472-4B08-AFC0-2F58DD6A1593}.DVD-5|Mixed Platforms.Build.0 = Debug|Any CPU
		{AEB1BCAE-0472-4B08-AFC0-2F58DD6A1593}.DVD-5|Win32.ActiveCfg = Debug|Any CPU
		{AEB1BCAE-0472-4B08-AFC0-2F58DD6A1593}.DVD-5|x86.ActiveCfg = Debug|Any CPU
		{AEB1BCAE-0472-4B08-AFC0-2F58DD6A1593}.Release|Any CPU.ActiveCfg = Release|Any CPU
		{AEB1BCAE-0472-4B08-AFC0-2F58DD6A1593}.Release|Any CPU.Build.0 = Release|Any CPU
		{AEB1BCAE-0472-4B08-AFC0-2F58DD6A1593}.Release|Mixed Platforms.ActiveCfg = Release|Any CPU
		{AEB1BCAE-0472-4B08-AFC0-2F58DD6A1593}.Release|Mixed Platforms.Build.0 = Release|Any CPU
		{AEB1BCAE-0472-4B08-AFC0-2F58DD6A1593}.Release|Win32.ActiveCfg = Release|Any CPU
		{AEB1BCAE-0472-4B08-AFC0-2F58DD6A1593}.Release|x86.ActiveCfg = Release|Any CPU
		{AEB1BCAE-0472-4B08-AFC0-2F58DD6A1593}.SingleImage|Any CPU.ActiveCfg = Release|Any CPU
		{AEB1BCAE-0472-4B08-AFC0-2F58DD6A1593}.SingleImage|Any CPU.Build.0 = Release|Any CPU
		{AEB1BCAE-0472-4B08-AFC0-2F58DD6A1593}.SingleImage|Mixed Platforms.ActiveCfg = Release|Any CPU
		{AEB1BCAE-0472-4B08-AFC0-2F58DD6A1593}.SingleImage|Mixed Platforms.Build.0 = Release|Any CPU
		{AEB1BCAE-0472-4B08-AFC0-2F58DD6A1593}.SingleImage|Win32.ActiveCfg = Release|Any CPU
		{AEB1BCAE-0472-4B08-AFC0-2F58DD6A1593}.SingleImage|x86.ActiveCfg = Release|Any CPU
	EndGlobalSection
	GlobalSection(SolutionProperties) = preSolution
		HideSolutionNode = FALSE
	EndGlobalSection
EndGlobal
