
Microsoft Visual Studio Solution File, Format Version 12.00
# Visual Studio 2013
VisualStudioVersion = 12.0.21005.1
MinimumVisualStudioVersion = 10.0.40219.1
Project("{FAE04EC0-301F-11D3-BF4B-00C04F79EFBC}") = "Options", "Options\Options.csproj", "{F9613FD5-3826-4911-AC1D-5C38408E708D}"
EndProject
Project("{6141683F-8A12-4E36-9623-2EB02B2C2303}") = "TrboX 3.0 SetUp", "TrboX 3.0 SetUp\TrboX 3.0 SetUp.isproj", "{C58649E3-350E-4ED0-AC69-019F032D557B}"
	ProjectSection(ProjectDependencies) = postProject
		{811EDE63-7C0E-4A12-B5DF-A846A68BD8EB} = {811EDE63-7C0E-4A12-B5DF-A846A68BD8EB}
	EndProjectSection
EndProject
Project("{8BC9CEB8-8B4A-11D0-8D11-00A0C91BC942}") = "Dispatch", "Dispatch\Dispatch.vcxproj", "{1B9D30FE-4CF7-4B77-B53B-5AEF9B59EBE2}"
EndProject
Project("{8BC9CEB8-8B4A-11D0-8D11-00A0C91BC942}") = "TServer", "TServer\TServer.vcxproj", "{F1B82FB7-BBFF-49A3-BD27-29F1552C41CF}"
EndProject
Project("{8BC9CEB8-8B4A-11D0-8D11-00A0C91BC942}") = "LogServer", "LogServer\LogServer.vcxproj", "{6426AB0C-F51F-45A0-ADD2-4A30B77D2E49}"
EndProject
Project("{8BC9CEB8-8B4A-11D0-8D11-00A0C91BC942}") = "WirelineSchedule", "WirlineSchedule\WirlineSchedule.vcxproj", "{D5B64BC2-BDF4-4751-9965-2DDF74810CB5}"
EndProject
Project("{FAE04EC0-301F-11D3-BF4B-00C04F79EFBC}") = "Client", "Client\Client.csproj", "{45E30D6B-48C5-497B-999C-91994F4B1885}"
EndProject
Project("{8BC9CEB8-8B4A-11D0-8D11-00A0C91BC942}") = "Monitor", "Monitor\Monitor.vcxproj", "{811EDE63-7C0E-4A12-B5DF-A846A68BD8EB}"
EndProject
Project("{FAE04EC0-301F-11D3-BF4B-00C04F79EFBC}") = "IndoorLocation", "location-master-345e2819cbca0073f132e66491b85339e0a1faca\sample-code\indoor-location-sample\IndoorLocation\IndoorLocation.csproj", "{04DE012C-782B-4AA2-8F0E-0F800E75C638}"
EndProject
Project("{FAE04EC0-301F-11D3-BF4B-00C04F79EFBC}") = "LocationInDoorLib", "Projects\LocationInDoorLib\LocationInDoorLib\LocationInDoorLib.csproj", "{574B8F5D-94B8-4ED1-A405-5DDD1C7A16E8}"
EndProject
Global
	GlobalSection(SolutionConfigurationPlatforms) = preSolution
		CD_ROM|Any CPU = CD_ROM|Any CPU
		CD_ROM|Mixed Platforms = CD_ROM|Mixed Platforms
		CD_ROM|Win32 = CD_ROM|Win32
		CD_ROM|x86 = CD_ROM|x86
		Debug|Any CPU = Debug|Any CPU
		Debug|Mixed Platforms = Debug|Mixed Platforms
		Debug|Win32 = Debug|Win32
		Debug|x86 = Debug|x86
		DVD-5|Any CPU = DVD-5|Any CPU
		DVD-5|Mixed Platforms = DVD-5|Mixed Platforms
		DVD-5|Win32 = DVD-5|Win32
		DVD-5|x86 = DVD-5|x86
		Release|Any CPU = Release|Any CPU
		Release|Mixed Platforms = Release|Mixed Platforms
		Release|Win32 = Release|Win32
		Release|x86 = Release|x86
		SingleImage|Any CPU = SingleImage|Any CPU
		SingleImage|Mixed Platforms = SingleImage|Mixed Platforms
		SingleImage|Win32 = SingleImage|Win32
		SingleImage|x86 = SingleImage|x86
	EndGlobalSection
	GlobalSection(ProjectConfigurationPlatforms) = postSolution
		{F9613FD5-3826-4911-AC1D-5C38408E708D}.CD_ROM|Any CPU.ActiveCfg = Release|x86
		{F9613FD5-3826-4911-AC1D-5C38408E708D}.CD_ROM|Mixed Platforms.ActiveCfg = Release|x86
		{F9613FD5-3826-4911-AC1D-5C38408E708D}.CD_ROM|Mixed Platforms.Build.0 = Release|x86
		{F9613FD5-3826-4911-AC1D-5C38408E708D}.CD_ROM|Win32.ActiveCfg = Release|x86
		{F9613FD5-3826-4911-AC1D-5C38408E708D}.CD_ROM|Win32.Build.0 = Release|x86
		{F9613FD5-3826-4911-AC1D-5C38408E708D}.CD_ROM|x86.ActiveCfg = Release|x86
		{F9613FD5-3826-4911-AC1D-5C38408E708D}.CD_ROM|x86.Build.0 = Release|x86
		{F9613FD5-3826-4911-AC1D-5C38408E708D}.Debug|Any CPU.ActiveCfg = Debug|x86
		{F9613FD5-3826-4911-AC1D-5C38408E708D}.Debug|Mixed Platforms.ActiveCfg = Debug|x86
		{F9613FD5-3826-4911-AC1D-5C38408E708D}.Debug|Mixed Platforms.Build.0 = Debug|x86
		{F9613FD5-3826-4911-AC1D-5C38408E708D}.Debug|Win32.ActiveCfg = Debug|x86
		{F9613FD5-3826-4911-AC1D-5C38408E708D}.Debug|Win32.Build.0 = Debug|x86
		{F9613FD5-3826-4911-AC1D-5C38408E708D}.Debug|x86.ActiveCfg = Debug|x86
		{F9613FD5-3826-4911-AC1D-5C38408E708D}.Debug|x86.Build.0 = Debug|x86
		{F9613FD5-3826-4911-AC1D-5C38408E708D}.DVD-5|Any CPU.ActiveCfg = Debug|x86
		{F9613FD5-3826-4911-AC1D-5C38408E708D}.DVD-5|Mixed Platforms.ActiveCfg = Debug|x86
		{F9613FD5-3826-4911-AC1D-5C38408E708D}.DVD-5|Mixed Platforms.Build.0 = Debug|x86
		{F9613FD5-3826-4911-AC1D-5C38408E708D}.DVD-5|Win32.ActiveCfg = Debug|x86
		{F9613FD5-3826-4911-AC1D-5C38408E708D}.DVD-5|Win32.Build.0 = Debug|x86
		{F9613FD5-3826-4911-AC1D-5C38408E708D}.DVD-5|x86.ActiveCfg = Debug|x86
		{F9613FD5-3826-4911-AC1D-5C38408E708D}.DVD-5|x86.Build.0 = Debug|x86
		{F9613FD5-3826-4911-AC1D-5C38408E708D}.Release|Any CPU.ActiveCfg = Release|x86
		{F9613FD5-3826-4911-AC1D-5C38408E708D}.Release|Mixed Platforms.ActiveCfg = Release|x86
		{F9613FD5-3826-4911-AC1D-5C38408E708D}.Release|Mixed Platforms.Build.0 = Release|x86
		{F9613FD5-3826-4911-AC1D-5C38408E708D}.Release|Win32.ActiveCfg = Release|x86
		{F9613FD5-3826-4911-AC1D-5C38408E708D}.Release|Win32.Build.0 = Release|x86
		{F9613FD5-3826-4911-AC1D-5C38408E708D}.Release|x86.ActiveCfg = Release|x86
		{F9613FD5-3826-4911-AC1D-5C38408E708D}.Release|x86.Build.0 = Release|x86
		{F9613FD5-3826-4911-AC1D-5C38408E708D}.SingleImage|Any CPU.ActiveCfg = Release|x86
		{F9613FD5-3826-4911-AC1D-5C38408E708D}.SingleImage|Mixed Platforms.ActiveCfg = Release|x86
		{F9613FD5-3826-4911-AC1D-5C38408E708D}.SingleImage|Mixed Platforms.Build.0 = Release|x86
		{F9613FD5-3826-4911-AC1D-5C38408E708D}.SingleImage|Win32.ActiveCfg = Release|x86
		{F9613FD5-3826-4911-AC1D-5C38408E708D}.SingleImage|Win32.Build.0 = Release|x86
		{F9613FD5-3826-4911-AC1D-5C38408E708D}.SingleImage|x86.ActiveCfg = Release|x86
		{F9613FD5-3826-4911-AC1D-5C38408E708D}.SingleImage|x86.Build.0 = Release|x86
		{C58649E3-350E-4ED0-AC69-019F032D557B}.CD_ROM|Any CPU.ActiveCfg = CD_ROM
		{C58649E3-350E-4ED0-AC69-019F032D557B}.CD_ROM|Any CPU.Build.0 = CD_ROM
		{C58649E3-350E-4ED0-AC69-019F032D557B}.CD_ROM|Mixed Platforms.ActiveCfg = CD_ROM
		{C58649E3-350E-4ED0-AC69-019F032D557B}.CD_ROM|Mixed Platforms.Build.0 = CD_ROM
		{C58649E3-350E-4ED0-AC69-019F032D557B}.CD_ROM|Win32.ActiveCfg = CD_ROM
		{C58649E3-350E-4ED0-AC69-019F032D557B}.CD_ROM|Win32.Build.0 = CD_ROM
		{C58649E3-350E-4ED0-AC69-019F032D557B}.CD_ROM|x86.ActiveCfg = CD_ROM
		{C58649E3-350E-4ED0-AC69-019F032D557B}.CD_ROM|x86.Build.0 = CD_ROM
		{C58649E3-350E-4ED0-AC69-019F032D557B}.Debug|Any CPU.ActiveCfg = DVD-5
		{C58649E3-350E-4ED0-AC69-019F032D557B}.Debug|Any CPU.Build.0 = DVD-5
		{C58649E3-350E-4ED0-AC69-019F032D557B}.Debug|Mixed Platforms.ActiveCfg = DVD-5
		{C58649E3-350E-4ED0-AC69-019F032D557B}.Debug|Mixed Platforms.Build.0 = DVD-5
		{C58649E3-350E-4ED0-AC69-019F032D557B}.Debug|Win32.ActiveCfg = DVD-5
		{C58649E3-350E-4ED0-AC69-019F032D557B}.Debug|Win32.Build.0 = DVD-5
		{C58649E3-350E-4ED0-AC69-019F032D557B}.Debug|x86.ActiveCfg = DVD-5
		{C58649E3-350E-4ED0-AC69-019F032D557B}.Debug|x86.Build.0 = DVD-5
		{C58649E3-350E-4ED0-AC69-019F032D557B}.DVD-5|Any CPU.ActiveCfg = DVD-5
		{C58649E3-350E-4ED0-AC69-019F032D557B}.DVD-5|Any CPU.Build.0 = DVD-5
		{C58649E3-350E-4ED0-AC69-019F032D557B}.DVD-5|Mixed Platforms.ActiveCfg = DVD-5
		{C58649E3-350E-4ED0-AC69-019F032D557B}.DVD-5|Mixed Platforms.Build.0 = DVD-5
		{C58649E3-350E-4ED0-AC69-019F032D557B}.DVD-5|Win32.ActiveCfg = DVD-5
		{C58649E3-350E-4ED0-AC69-019F032D557B}.DVD-5|Win32.Build.0 = DVD-5
		{C58649E3-350E-4ED0-AC69-019F032D557B}.DVD-5|x86.ActiveCfg = DVD-5
		{C58649E3-350E-4ED0-AC69-019F032D557B}.DVD-5|x86.Build.0 = DVD-5
		{C58649E3-350E-4ED0-AC69-019F032D557B}.Release|Any CPU.ActiveCfg = SingleImage
		{C58649E3-350E-4ED0-AC69-019F032D557B}.Release|Any CPU.Build.0 = SingleImage
		{C58649E3-350E-4ED0-AC69-019F032D557B}.Release|Mixed Platforms.ActiveCfg = SingleImage
		{C58649E3-350E-4ED0-AC69-019F032D557B}.Release|Mixed Platforms.Build.0 = SingleImage
		{C58649E3-350E-4ED0-AC69-019F032D557B}.Release|Win32.ActiveCfg = SingleImage
		{C58649E3-350E-4ED0-AC69-019F032D557B}.Release|Win32.Build.0 = SingleImage
		{C58649E3-350E-4ED0-AC69-019F032D557B}.Release|x86.ActiveCfg = SingleImage
		{C58649E3-350E-4ED0-AC69-019F032D557B}.Release|x86.Build.0 = SingleImage
		{C58649E3-350E-4ED0-AC69-019F032D557B}.SingleImage|Any CPU.ActiveCfg = SingleImage
		{C58649E3-350E-4ED0-AC69-019F032D557B}.SingleImage|Any CPU.Build.0 = SingleImage
		{C58649E3-350E-4ED0-AC69-019F032D557B}.SingleImage|Mixed Platforms.ActiveCfg = SingleImage
		{C58649E3-350E-4ED0-AC69-019F032D557B}.SingleImage|Mixed Platforms.Build.0 = SingleImage
		{C58649E3-350E-4ED0-AC69-019F032D557B}.SingleImage|Win32.ActiveCfg = SingleImage
		{C58649E3-350E-4ED0-AC69-019F032D557B}.SingleImage|Win32.Build.0 = SingleImage
		{C58649E3-350E-4ED0-AC69-019F032D557B}.SingleImage|x86.ActiveCfg = SingleImage
		{C58649E3-350E-4ED0-AC69-019F032D557B}.SingleImage|x86.Build.0 = SingleImage
		{1B9D30FE-4CF7-4B77-B53B-5AEF9B59EBE2}.CD_ROM|Any CPU.ActiveCfg = Release|Win32
		{1B9D30FE-4CF7-4B77-B53B-5AEF9B59EBE2}.CD_ROM|Mixed Platforms.ActiveCfg = Release|Win32
		{1B9D30FE-4CF7-4B77-B53B-5AEF9B59EBE2}.CD_ROM|Mixed Platforms.Build.0 = Release|Win32
		{1B9D30FE-4CF7-4B77-B53B-5AEF9B59EBE2}.CD_ROM|Win32.ActiveCfg = Release|Win32
		{1B9D30FE-4CF7-4B77-B53B-5AEF9B59EBE2}.CD_ROM|Win32.Build.0 = Release|Win32
		{1B9D30FE-4CF7-4B77-B53B-5AEF9B59EBE2}.CD_ROM|x86.ActiveCfg = Release|Win32
		{1B9D30FE-4CF7-4B77-B53B-5AEF9B59EBE2}.CD_ROM|x86.Build.0 = Release|Win32
		{1B9D30FE-4CF7-4B77-B53B-5AEF9B59EBE2}.Debug|Any CPU.ActiveCfg = Debug|Win32
		{1B9D30FE-4CF7-4B77-B53B-5AEF9B59EBE2}.Debug|Mixed Platforms.ActiveCfg = Debug|Win32
		{1B9D30FE-4CF7-4B77-B53B-5AEF9B59EBE2}.Debug|Mixed Platforms.Build.0 = Debug|Win32
		{1B9D30FE-4CF7-4B77-B53B-5AEF9B59EBE2}.Debug|Win32.ActiveCfg = Debug|Win32
		{1B9D30FE-4CF7-4B77-B53B-5AEF9B59EBE2}.Debug|Win32.Build.0 = Debug|Win32
		{1B9D30FE-4CF7-4B77-B53B-5AEF9B59EBE2}.Debug|x86.ActiveCfg = Debug|Win32
		{1B9D30FE-4CF7-4B77-B53B-5AEF9B59EBE2}.Debug|x86.Build.0 = Debug|Win32
		{1B9D30FE-4CF7-4B77-B53B-5AEF9B59EBE2}.DVD-5|Any CPU.ActiveCfg = Debug|Win32
		{1B9D30FE-4CF7-4B77-B53B-5AEF9B59EBE2}.DVD-5|Mixed Platforms.ActiveCfg = Debug|Win32
		{1B9D30FE-4CF7-4B77-B53B-5AEF9B59EBE2}.DVD-5|Mixed Platforms.Build.0 = Debug|Win32
		{1B9D30FE-4CF7-4B77-B53B-5AEF9B59EBE2}.DVD-5|Win32.ActiveCfg = Debug|Win32
		{1B9D30FE-4CF7-4B77-B53B-5AEF9B59EBE2}.DVD-5|Win32.Build.0 = Debug|Win32
		{1B9D30FE-4CF7-4B77-B53B-5AEF9B59EBE2}.DVD-5|x86.ActiveCfg = Debug|Win32
		{1B9D30FE-4CF7-4B77-B53B-5AEF9B59EBE2}.DVD-5|x86.Build.0 = Debug|Win32
		{1B9D30FE-4CF7-4B77-B53B-5AEF9B59EBE2}.Release|Any CPU.ActiveCfg = Release|Win32
		{1B9D30FE-4CF7-4B77-B53B-5AEF9B59EBE2}.Release|Mixed Platforms.ActiveCfg = Release|Win32
		{1B9D30FE-4CF7-4B77-B53B-5AEF9B59EBE2}.Release|Mixed Platforms.Build.0 = Release|Win32
		{1B9D30FE-4CF7-4B77-B53B-5AEF9B59EBE2}.Release|Win32.ActiveCfg = Release|Win32
		{1B9D30FE-4CF7-4B77-B53B-5AEF9B59EBE2}.Release|Win32.Build.0 = Release|Win32
		{1B9D30FE-4CF7-4B77-B53B-5AEF9B59EBE2}.Release|x86.ActiveCfg = Release|Win32
		{1B9D30FE-4CF7-4B77-B53B-5AEF9B59EBE2}.Release|x86.Build.0 = Release|Win32
		{1B9D30FE-4CF7-4B77-B53B-5AEF9B59EBE2}.SingleImage|Any CPU.ActiveCfg = Release|Win32
		{1B9D30FE-4CF7-4B77-B53B-5AEF9B59EBE2}.SingleImage|Mixed Platforms.ActiveCfg = Release|Win32
		{1B9D30FE-4CF7-4B77-B53B-5AEF9B59EBE2}.SingleImage|Mixed Platforms.Build.0 = Release|Win32
		{1B9D30FE-4CF7-4B77-B53B-5AEF9B59EBE2}.SingleImage|Win32.ActiveCfg = Release|Win32
		{1B9D30FE-4CF7-4B77-B53B-5AEF9B59EBE2}.SingleImage|Win32.Build.0 = Release|Win32
		{1B9D30FE-4CF7-4B77-B53B-5AEF9B59EBE2}.SingleImage|x86.ActiveCfg = Release|Win32
		{1B9D30FE-4CF7-4B77-B53B-5AEF9B59EBE2}.SingleImage|x86.Build.0 = Release|Win32
		{F1B82FB7-BBFF-49A3-BD27-29F1552C41CF}.CD_ROM|Any CPU.ActiveCfg = Release|Win32
		{F1B82FB7-BBFF-49A3-BD27-29F1552C41CF}.CD_ROM|Mixed Platforms.ActiveCfg = Release|Win32
		{F1B82FB7-BBFF-49A3-BD27-29F1552C41CF}.CD_ROM|Mixed Platforms.Build.0 = Release|Win32
		{F1B82FB7-BBFF-49A3-BD27-29F1552C41CF}.CD_ROM|Win32.ActiveCfg = Release|Win32
		{F1B82FB7-BBFF-49A3-BD27-29F1552C41CF}.CD_ROM|Win32.Build.0 = Release|Win32
		{F1B82FB7-BBFF-49A3-BD27-29F1552C41CF}.CD_ROM|x86.ActiveCfg = Release|Win32
		{F1B82FB7-BBFF-49A3-BD27-29F1552C41CF}.CD_ROM|x86.Build.0 = Release|Win32
		{F1B82FB7-BBFF-49A3-BD27-29F1552C41CF}.Debug|Any CPU.ActiveCfg = Debug|Win32
		{F1B82FB7-BBFF-49A3-BD27-29F1552C41CF}.Debug|Mixed Platforms.ActiveCfg = Debug|Win32
		{F1B82FB7-BBFF-49A3-BD27-29F1552C41CF}.Debug|Mixed Platforms.Build.0 = Debug|Win32
		{F1B82FB7-BBFF-49A3-BD27-29F1552C41CF}.Debug|Win32.ActiveCfg = Debug|Win32
		{F1B82FB7-BBFF-49A3-BD27-29F1552C41CF}.Debug|Win32.Build.0 = Debug|Win32
		{F1B82FB7-BBFF-49A3-BD27-29F1552C41CF}.Debug|x86.ActiveCfg = Debug|Win32
		{F1B82FB7-BBFF-49A3-BD27-29F1552C41CF}.Debug|x86.Build.0 = Debug|Win32
		{F1B82FB7-BBFF-49A3-BD27-29F1552C41CF}.DVD-5|Any CPU.ActiveCfg = Debug|Win32
		{F1B82FB7-BBFF-49A3-BD27-29F1552C41CF}.DVD-5|Mixed Platforms.ActiveCfg = Debug|Win32
		{F1B82FB7-BBFF-49A3-BD27-29F1552C41CF}.DVD-5|Mixed Platforms.Build.0 = Debug|Win32
		{F1B82FB7-BBFF-49A3-BD27-29F1552C41CF}.DVD-5|Win32.ActiveCfg = Debug|Win32
		{F1B82FB7-BBFF-49A3-BD27-29F1552C41CF}.DVD-5|Win32.Build.0 = Debug|Win32
		{F1B82FB7-BBFF-49A3-BD27-29F1552C41CF}.DVD-5|x86.ActiveCfg = Debug|Win32
		{F1B82FB7-BBFF-49A3-BD27-29F1552C41CF}.DVD-5|x86.Build.0 = Debug|Win32
		{F1B82FB7-BBFF-49A3-BD27-29F1552C41CF}.Release|Any CPU.ActiveCfg = Release|Win32
		{F1B82FB7-BBFF-49A3-BD27-29F1552C41CF}.Release|Mixed Platforms.ActiveCfg = Release|Win32
		{F1B82FB7-BBFF-49A3-BD27-29F1552C41CF}.Release|Mixed Platforms.Build.0 = Release|Win32
		{F1B82FB7-BBFF-49A3-BD27-29F1552C41CF}.Release|Win32.ActiveCfg = Release|Win32
		{F1B82FB7-BBFF-49A3-BD27-29F1552C41CF}.Release|Win32.Build.0 = Release|Win32
		{F1B82FB7-BBFF-49A3-BD27-29F1552C41CF}.Release|x86.ActiveCfg = Release|Win32
		{F1B82FB7-BBFF-49A3-BD27-29F1552C41CF}.Release|x86.Build.0 = Release|Win32
		{F1B82FB7-BBFF-49A3-BD27-29F1552C41CF}.SingleImage|Any CPU.ActiveCfg = Release|Win32
		{F1B82FB7-BBFF-49A3-BD27-29F1552C41CF}.SingleImage|Mixed Platforms.ActiveCfg = Release|Win32
		{F1B82FB7-BBFF-49A3-BD27-29F1552C41CF}.SingleImage|Mixed Platforms.Build.0 = Release|Win32
		{F1B82FB7-BBFF-49A3-BD27-29F1552C41CF}.SingleImage|Win32.ActiveCfg = Release|Win32
		{F1B82FB7-BBFF-49A3-BD27-29F1552C41CF}.SingleImage|Win32.Build.0 = Release|Win32
		{F1B82FB7-BBFF-49A3-BD27-29F1552C41CF}.SingleImage|x86.ActiveCfg = Release|Win32
		{F1B82FB7-BBFF-49A3-BD27-29F1552C41CF}.SingleImage|x86.Build.0 = Release|Win32
		{6426AB0C-F51F-45A0-ADD2-4A30B77D2E49}.CD_ROM|Any CPU.ActiveCfg = Release|Win32
		{6426AB0C-F51F-45A0-ADD2-4A30B77D2E49}.CD_ROM|Mixed Platforms.ActiveCfg = Release|Win32
		{6426AB0C-F51F-45A0-ADD2-4A30B77D2E49}.CD_ROM|Mixed Platforms.Build.0 = Release|Win32
		{6426AB0C-F51F-45A0-ADD2-4A30B77D2E49}.CD_ROM|Win32.ActiveCfg = Release|Win32
		{6426AB0C-F51F-45A0-ADD2-4A30B77D2E49}.CD_ROM|Win32.Build.0 = Release|Win32
		{6426AB0C-F51F-45A0-ADD2-4A30B77D2E49}.CD_ROM|x86.ActiveCfg = Release|Win32
		{6426AB0C-F51F-45A0-ADD2-4A30B77D2E49}.CD_ROM|x86.Build.0 = Release|Win32
		{6426AB0C-F51F-45A0-ADD2-4A30B77D2E49}.Debug|Any CPU.ActiveCfg = Debug|Win32
		{6426AB0C-F51F-45A0-ADD2-4A30B77D2E49}.Debug|Mixed Platforms.ActiveCfg = Debug|Win32
		{6426AB0C-F51F-45A0-ADD2-4A30B77D2E49}.Debug|Mixed Platforms.Build.0 = Debug|Win32
		{6426AB0C-F51F-45A0-ADD2-4A30B77D2E49}.Debug|Win32.ActiveCfg = Debug|Win32
		{6426AB0C-F51F-45A0-ADD2-4A30B77D2E49}.Debug|Win32.Build.0 = Debug|Win32
		{6426AB0C-F51F-45A0-ADD2-4A30B77D2E49}.Debug|x86.ActiveCfg = Debug|Win32
		{6426AB0C-F51F-45A0-ADD2-4A30B77D2E49}.Debug|x86.Build.0 = Debug|Win32
		{6426AB0C-F51F-45A0-ADD2-4A30B77D2E49}.DVD-5|Any CPU.ActiveCfg = Debug|Win32
		{6426AB0C-F51F-45A0-ADD2-4A30B77D2E49}.DVD-5|Mixed Platforms.ActiveCfg = Debug|Win32
		{6426AB0C-F51F-45A0-ADD2-4A30B77D2E49}.DVD-5|Mixed Platforms.Build.0 = Debug|Win32
		{6426AB0C-F51F-45A0-ADD2-4A30B77D2E49}.DVD-5|Win32.ActiveCfg = Debug|Win32
		{6426AB0C-F51F-45A0-ADD2-4A30B77D2E49}.DVD-5|Win32.Build.0 = Debug|Win32
		{6426AB0C-F51F-45A0-ADD2-4A30B77D2E49}.DVD-5|x86.ActiveCfg = Debug|Win32
		{6426AB0C-F51F-45A0-ADD2-4A30B77D2E49}.DVD-5|x86.Build.0 = Debug|Win32
		{6426AB0C-F51F-45A0-ADD2-4A30B77D2E49}.Release|Any CPU.ActiveCfg = Release|Win32
		{6426AB0C-F51F-45A0-ADD2-4A30B77D2E49}.Release|Mixed Platforms.ActiveCfg = Release|Win32
		{6426AB0C-F51F-45A0-ADD2-4A30B77D2E49}.Release|Mixed Platforms.Build.0 = Release|Win32
		{6426AB0C-F51F-45A0-ADD2-4A30B77D2E49}.Release|Win32.ActiveCfg = Release|Win32
		{6426AB0C-F51F-45A0-ADD2-4A30B77D2E49}.Release|Win32.Build.0 = Release|Win32
		{6426AB0C-F51F-45A0-ADD2-4A30B77D2E49}.Release|x86.ActiveCfg = Release|Win32
		{6426AB0C-F51F-45A0-ADD2-4A30B77D2E49}.Release|x86.Build.0 = Release|Win32
		{6426AB0C-F51F-45A0-ADD2-4A30B77D2E49}.SingleImage|Any CPU.ActiveCfg = Release|Win32
		{6426AB0C-F51F-45A0-ADD2-4A30B77D2E49}.SingleImage|Mixed Platforms.ActiveCfg = Release|Win32
		{6426AB0C-F51F-45A0-ADD2-4A30B77D2E49}.SingleImage|Mixed Platforms.Build.0 = Release|Win32
		{6426AB0C-F51F-45A0-ADD2-4A30B77D2E49}.SingleImage|Win32.ActiveCfg = Release|Win32
		{6426AB0C-F51F-45A0-ADD2-4A30B77D2E49}.SingleImage|Win32.Build.0 = Release|Win32
		{6426AB0C-F51F-45A0-ADD2-4A30B77D2E49}.SingleImage|x86.ActiveCfg = Release|Win32
		{6426AB0C-F51F-45A0-ADD2-4A30B77D2E49}.SingleImage|x86.Build.0 = Release|Win32
		{D5B64BC2-BDF4-4751-9965-2DDF74810CB5}.CD_ROM|Any CPU.ActiveCfg = Release|Win32
		{D5B64BC2-BDF4-4751-9965-2DDF74810CB5}.CD_ROM|Mixed Platforms.ActiveCfg = Release|Win32
		{D5B64BC2-BDF4-4751-9965-2DDF74810CB5}.CD_ROM|Mixed Platforms.Build.0 = Release|Win32
		{D5B64BC2-BDF4-4751-9965-2DDF74810CB5}.CD_ROM|Win32.ActiveCfg = Release|Win32
		{D5B64BC2-BDF4-4751-9965-2DDF74810CB5}.CD_ROM|Win32.Build.0 = Release|Win32
		{D5B64BC2-BDF4-4751-9965-2DDF74810CB5}.CD_ROM|x86.ActiveCfg = Release|Win32
		{D5B64BC2-BDF4-4751-9965-2DDF74810CB5}.CD_ROM|x86.Build.0 = Release|Win32
		{D5B64BC2-BDF4-4751-9965-2DDF74810CB5}.Debug|Any CPU.ActiveCfg = Debug|Win32
		{D5B64BC2-BDF4-4751-9965-2DDF74810CB5}.Debug|Mixed Platforms.ActiveCfg = Debug|Win32
		{D5B64BC2-BDF4-4751-9965-2DDF74810CB5}.Debug|Mixed Platforms.Build.0 = Debug|Win32
		{D5B64BC2-BDF4-4751-9965-2DDF74810CB5}.Debug|Win32.ActiveCfg = Debug|Win32
		{D5B64BC2-BDF4-4751-9965-2DDF74810CB5}.Debug|Win32.Build.0 = Debug|Win32
		{D5B64BC2-BDF4-4751-9965-2DDF74810CB5}.Debug|x86.ActiveCfg = Debug|Win32
		{D5B64BC2-BDF4-4751-9965-2DDF74810CB5}.Debug|x86.Build.0 = Debug|Win32
		{D5B64BC2-BDF4-4751-9965-2DDF74810CB5}.DVD-5|Any CPU.ActiveCfg = Debug|Win32
		{D5B64BC2-BDF4-4751-9965-2DDF74810CB5}.DVD-5|Mixed Platforms.ActiveCfg = Debug|Win32
		{D5B64BC2-BDF4-4751-9965-2DDF74810CB5}.DVD-5|Mixed Platforms.Build.0 = Debug|Win32
		{D5B64BC2-BDF4-4751-9965-2DDF74810CB5}.DVD-5|Win32.ActiveCfg = Debug|Win32
		{D5B64BC2-BDF4-4751-9965-2DDF74810CB5}.DVD-5|Win32.Build.0 = Debug|Win32
		{D5B64BC2-BDF4-4751-9965-2DDF74810CB5}.DVD-5|x86.ActiveCfg = Debug|Win32
		{D5B64BC2-BDF4-4751-9965-2DDF74810CB5}.DVD-5|x86.Build.0 = Debug|Win32
		{D5B64BC2-BDF4-4751-9965-2DDF74810CB5}.Release|Any CPU.ActiveCfg = Release|Win32
		{D5B64BC2-BDF4-4751-9965-2DDF74810CB5}.Release|Mixed Platforms.ActiveCfg = Release|Win32
		{D5B64BC2-BDF4-4751-9965-2DDF74810CB5}.Release|Mixed Platforms.Build.0 = Release|Win32
		{D5B64BC2-BDF4-4751-9965-2DDF74810CB5}.Release|Win32.ActiveCfg = Release|Win32
		{D5B64BC2-BDF4-4751-9965-2DDF74810CB5}.Release|Win32.Build.0 = Release|Win32
		{D5B64BC2-BDF4-4751-9965-2DDF74810CB5}.Release|x86.ActiveCfg = Release|Win32
		{D5B64BC2-BDF4-4751-9965-2DDF74810CB5}.Release|x86.Build.0 = Release|Win32
		{D5B64BC2-BDF4-4751-9965-2DDF74810CB5}.SingleImage|Any CPU.ActiveCfg = Release|Win32
		{D5B64BC2-BDF4-4751-9965-2DDF74810CB5}.SingleImage|Mixed Platforms.ActiveCfg = Release|Win32
		{D5B64BC2-BDF4-4751-9965-2DDF74810CB5}.SingleImage|Mixed Platforms.Build.0 = Release|Win32
		{D5B64BC2-BDF4-4751-9965-2DDF74810CB5}.SingleImage|Win32.ActiveCfg = Release|Win32
		{D5B64BC2-BDF4-4751-9965-2DDF74810CB5}.SingleImage|Win32.Build.0 = Release|Win32
		{D5B64BC2-BDF4-4751-9965-2DDF74810CB5}.SingleImage|x86.ActiveCfg = Release|Win32
		{D5B64BC2-BDF4-4751-9965-2DDF74810CB5}.SingleImage|x86.Build.0 = Release|Win32
		{45E30D6B-48C5-497B-999C-91994F4B1885}.CD_ROM|Any CPU.ActiveCfg = Release|x86
		{45E30D6B-48C5-497B-999C-91994F4B1885}.CD_ROM|Mixed Platforms.ActiveCfg = Release|x86
		{45E30D6B-48C5-497B-999C-91994F4B1885}.CD_ROM|Mixed Platforms.Build.0 = Release|x86
		{45E30D6B-48C5-497B-999C-91994F4B1885}.CD_ROM|Win32.ActiveCfg = Release|x86
		{45E30D6B-48C5-497B-999C-91994F4B1885}.CD_ROM|Win32.Build.0 = Release|x86
		{45E30D6B-48C5-497B-999C-91994F4B1885}.CD_ROM|x86.ActiveCfg = Release|x86
		{45E30D6B-48C5-497B-999C-91994F4B1885}.CD_ROM|x86.Build.0 = Release|x86
		{45E30D6B-48C5-497B-999C-91994F4B1885}.Debug|Any CPU.ActiveCfg = Debug|x86
		{45E30D6B-48C5-497B-999C-91994F4B1885}.Debug|Mixed Platforms.ActiveCfg = Debug|x86
		{45E30D6B-48C5-497B-999C-91994F4B1885}.Debug|Mixed Platforms.Build.0 = Debug|x86
		{45E30D6B-48C5-497B-999C-91994F4B1885}.Debug|Win32.ActiveCfg = Debug|x86
		{45E30D6B-48C5-497B-999C-91994F4B1885}.Debug|Win32.Build.0 = Debug|x86
		{45E30D6B-48C5-497B-999C-91994F4B1885}.Debug|x86.ActiveCfg = Debug|x86
		{45E30D6B-48C5-497B-999C-91994F4B1885}.Debug|x86.Build.0 = Debug|x86
		{45E30D6B-48C5-497B-999C-91994F4B1885}.DVD-5|Any CPU.ActiveCfg = Debug|x86
		{45E30D6B-48C5-497B-999C-91994F4B1885}.DVD-5|Mixed Platforms.ActiveCfg = Debug|x86
		{45E30D6B-48C5-497B-999C-91994F4B1885}.DVD-5|Mixed Platforms.Build.0 = Debug|x86
		{45E30D6B-48C5-497B-999C-91994F4B1885}.DVD-5|Win32.ActiveCfg = Debug|x86
		{45E30D6B-48C5-497B-999C-91994F4B1885}.DVD-5|Win32.Build.0 = Debug|x86
		{45E30D6B-48C5-497B-999C-91994F4B1885}.DVD-5|x86.ActiveCfg = Debug|x86
		{45E30D6B-48C5-497B-999C-91994F4B1885}.DVD-5|x86.Build.0 = Debug|x86
		{45E30D6B-48C5-497B-999C-91994F4B1885}.Release|Any CPU.ActiveCfg = Release|x86
		{45E30D6B-48C5-497B-999C-91994F4B1885}.Release|Mixed Platforms.ActiveCfg = Release|x86
		{45E30D6B-48C5-497B-999C-91994F4B1885}.Release|Mixed Platforms.Build.0 = Release|x86
		{45E30D6B-48C5-497B-999C-91994F4B1885}.Release|Win32.ActiveCfg = Release|x86
		{45E30D6B-48C5-497B-999C-91994F4B1885}.Release|Win32.Build.0 = Release|x86
		{45E30D6B-48C5-497B-999C-91994F4B1885}.Release|x86.ActiveCfg = Release|x86
		{45E30D6B-48C5-497B-999C-91994F4B1885}.Release|x86.Build.0 = Release|x86
		{45E30D6B-48C5-497B-999C-91994F4B1885}.SingleImage|Any CPU.ActiveCfg = Release|x86
		{45E30D6B-48C5-497B-999C-91994F4B1885}.SingleImage|Mixed Platforms.ActiveCfg = Release|x86
		{45E30D6B-48C5-497B-999C-91994F4B1885}.SingleImage|Mixed Platforms.Build.0 = Release|x86
		{45E30D6B-48C5-497B-999C-91994F4B1885}.SingleImage|Win32.ActiveCfg = Release|x86
		{45E30D6B-48C5-497B-999C-91994F4B1885}.SingleImage|Win32.Build.0 = Release|x86
		{45E30D6B-48C5-497B-999C-91994F4B1885}.SingleImage|x86.ActiveCfg = Release|x86
		{45E30D6B-48C5-497B-999C-91994F4B1885}.SingleImage|x86.Build.0 = Release|x86
		{811EDE63-7C0E-4A12-B5DF-A846A68BD8EB}.CD_ROM|Any CPU.ActiveCfg = Release|Win32
		{811EDE63-7C0E-4A12-B5DF-A846A68BD8EB}.CD_ROM|Mixed Platforms.ActiveCfg = Release|Win32
		{811EDE63-7C0E-4A12-B5DF-A846A68BD8EB}.CD_ROM|Mixed Platforms.Build.0 = Release|Win32
		{811EDE63-7C0E-4A12-B5DF-A846A68BD8EB}.CD_ROM|Win32.ActiveCfg = Release|Win32
		{811EDE63-7C0E-4A12-B5DF-A846A68BD8EB}.CD_ROM|Win32.Build.0 = Release|Win32
		{811EDE63-7C0E-4A12-B5DF-A846A68BD8EB}.CD_ROM|x86.ActiveCfg = Release|Win32
		{811EDE63-7C0E-4A12-B5DF-A846A68BD8EB}.CD_ROM|x86.Build.0 = Release|Win32
		{811EDE63-7C0E-4A12-B5DF-A846A68BD8EB}.Debug|Any CPU.ActiveCfg = Debug|Win32
		{811EDE63-7C0E-4A12-B5DF-A846A68BD8EB}.Debug|Mixed Platforms.ActiveCfg = Debug|Win32
		{811EDE63-7C0E-4A12-B5DF-A846A68BD8EB}.Debug|Mixed Platforms.Build.0 = Debug|Win32
		{811EDE63-7C0E-4A12-B5DF-A846A68BD8EB}.Debug|Win32.ActiveCfg = Debug|Win32
		{811EDE63-7C0E-4A12-B5DF-A846A68BD8EB}.Debug|Win32.Build.0 = Debug|Win32
		{811EDE63-7C0E-4A12-B5DF-A846A68BD8EB}.Debug|x86.ActiveCfg = Debug|Win32
		{811EDE63-7C0E-4A12-B5DF-A846A68BD8EB}.Debug|x86.Build.0 = Debug|Win32
		{811EDE63-7C0E-4A12-B5DF-A846A68BD8EB}.DVD-5|Any CPU.ActiveCfg = Debug|Win32
		{811EDE63-7C0E-4A12-B5DF-A846A68BD8EB}.DVD-5|Mixed Platforms.ActiveCfg = Debug|Win32
		{811EDE63-7C0E-4A12-B5DF-A846A68BD8EB}.DVD-5|Mixed Platforms.Build.0 = Debug|Win32
		{811EDE63-7C0E-4A12-B5DF-A846A68BD8EB}.DVD-5|Win32.ActiveCfg = Debug|Win32
		{811EDE63-7C0E-4A12-B5DF-A846A68BD8EB}.DVD-5|Win32.Build.0 = Debug|Win32
		{811EDE63-7C0E-4A12-B5DF-A846A68BD8EB}.DVD-5|x86.ActiveCfg = Debug|Win32
		{811EDE63-7C0E-4A12-B5DF-A846A68BD8EB}.DVD-5|x86.Build.0 = Debug|Win32
		{811EDE63-7C0E-4A12-B5DF-A846A68BD8EB}.Release|Any CPU.ActiveCfg = Release|Win32
		{811EDE63-7C0E-4A12-B5DF-A846A68BD8EB}.Release|Mixed Platforms.ActiveCfg = Release|Win32
		{811EDE63-7C0E-4A12-B5DF-A846A68BD8EB}.Release|Mixed Platforms.Build.0 = Release|Win32
		{811EDE63-7C0E-4A12-B5DF-A846A68BD8EB}.Release|Win32.ActiveCfg = Release|Win32
		{811EDE63-7C0E-4A12-B5DF-A846A68BD8EB}.Release|Win32.Build.0 = Release|Win32
		{811EDE63-7C0E-4A12-B5DF-A846A68BD8EB}.Release|x86.ActiveCfg = Release|Win32
		{811EDE63-7C0E-4A12-B5DF-A846A68BD8EB}.Release|x86.Build.0 = Release|Win32
		{811EDE63-7C0E-4A12-B5DF-A846A68BD8EB}.SingleImage|Any CPU.ActiveCfg = Release|Win32
		{811EDE63-7C0E-4A12-B5DF-A846A68BD8EB}.SingleImage|Mixed Platforms.ActiveCfg = Release|Win32
		{811EDE63-7C0E-4A12-B5DF-A846A68BD8EB}.SingleImage|Mixed Platforms.Build.0 = Release|Win32
		{811EDE63-7C0E-4A12-B5DF-A846A68BD8EB}.SingleImage|Win32.ActiveCfg = Release|Win32
		{811EDE63-7C0E-4A12-B5DF-A846A68BD8EB}.SingleImage|Win32.Build.0 = Release|Win32
		{811EDE63-7C0E-4A12-B5DF-A846A68BD8EB}.SingleImage|x86.ActiveCfg = Release|Win32
		{811EDE63-7C0E-4A12-B5DF-A846A68BD8EB}.SingleImage|x86.Build.0 = Release|Win32
		{04DE012C-782B-4AA2-8F0E-0F800E75C638}.CD_ROM|Any CPU.ActiveCfg = Release|Any CPU
		{04DE012C-782B-4AA2-8F0E-0F800E75C638}.CD_ROM|Any CPU.Build.0 = Release|Any CPU
		{04DE012C-782B-4AA2-8F0E-0F800E75C638}.CD_ROM|Mixed Platforms.ActiveCfg = Release|Any CPU
		{04DE012C-782B-4AA2-8F0E-0F800E75C638}.CD_ROM|Mixed Platforms.Build.0 = Release|Any CPU
		{04DE012C-782B-4AA2-8F0E-0F800E75C638}.CD_ROM|Win32.ActiveCfg = Release|Any CPU
		{04DE012C-782B-4AA2-8F0E-0F800E75C638}.CD_ROM|x86.ActiveCfg = Release|Any CPU
		{04DE012C-782B-4AA2-8F0E-0F800E75C638}.Debug|Any CPU.ActiveCfg = Debug|Any CPU
		{04DE012C-782B-4AA2-8F0E-0F800E75C638}.Debug|Any CPU.Build.0 = Debug|Any CPU
		{04DE012C-782B-4AA2-8F0E-0F800E75C638}.Debug|Mixed Platforms.ActiveCfg = Debug|Any CPU
		{04DE012C-782B-4AA2-8F0E-0F800E75C638}.Debug|Mixed Platforms.Build.0 = Debug|Any CPU
		{04DE012C-782B-4AA2-8F0E-0F800E75C638}.Debug|Win32.ActiveCfg = Debug|Any CPU
		{04DE012C-782B-4AA2-8F0E-0F800E75C638}.Debug|x86.ActiveCfg = Debug|Any CPU
		{04DE012C-782B-4AA2-8F0E-0F800E75C638}.DVD-5|Any CPU.ActiveCfg = Debug|Any CPU
		{04DE012C-782B-4AA2-8F0E-0F800E75C638}.DVD-5|Any CPU.Build.0 = Debug|Any CPU
		{04DE012C-782B-4AA2-8F0E-0F800E75C638}.DVD-5|Mixed Platforms.ActiveCfg = Debug|Any CPU
		{04DE012C-782B-4AA2-8F0E-0F800E75C638}.DVD-5|Mixed Platforms.Build.0 = Debug|Any CPU
		{04DE012C-782B-4AA2-8F0E-0F800E75C638}.DVD-5|Win32.ActiveCfg = Debug|Any CPU
		{04DE012C-782B-4AA2-8F0E-0F800E75C638}.DVD-5|x86.ActiveCfg = Debug|Any CPU
		{04DE012C-782B-4AA2-8F0E-0F800E75C638}.Release|Any CPU.ActiveCfg = Release|Any CPU
		{04DE012C-782B-4AA2-8F0E-0F800E75C638}.Release|Any CPU.Build.0 = Release|Any CPU
		{04DE012C-782B-4AA2-8F0E-0F800E75C638}.Release|Mixed Platforms.ActiveCfg = Release|Any CPU
		{04DE012C-782B-4AA2-8F0E-0F800E75C638}.Release|Mixed Platforms.Build.0 = Release|Any CPU
		{04DE012C-782B-4AA2-8F0E-0F800E75C638}.Release|Win32.ActiveCfg = Release|Any CPU
		{04DE012C-782B-4AA2-8F0E-0F800E75C638}.Release|x86.ActiveCfg = Release|Any CPU
		{04DE012C-782B-4AA2-8F0E-0F800E75C638}.SingleImage|Any CPU.ActiveCfg = Release|Any CPU
		{04DE012C-782B-4AA2-8F0E-0F800E75C638}.SingleImage|Any CPU.Build.0 = Release|Any CPU
		{04DE012C-782B-4AA2-8F0E-0F800E75C638}.SingleImage|Mixed Platforms.ActiveCfg = Release|Any CPU
		{04DE012C-782B-4AA2-8F0E-0F800E75C638}.SingleImage|Mixed Platforms.Build.0 = Release|Any CPU
		{04DE012C-782B-4AA2-8F0E-0F800E75C638}.SingleImage|Win32.ActiveCfg = Release|Any CPU
		{04DE012C-782B-4AA2-8F0E-0F800E75C638}.SingleImage|x86.ActiveCfg = Release|Any CPU
		{574B8F5D-94B8-4ED1-A405-5DDD1C7A16E8}.CD_ROM|Any CPU.ActiveCfg = Release|Any CPU
		{574B8F5D-94B8-4ED1-A405-5DDD1C7A16E8}.CD_ROM|Any CPU.Build.0 = Release|Any CPU
		{574B8F5D-94B8-4ED1-A405-5DDD1C7A16E8}.CD_ROM|Mixed Platforms.ActiveCfg = Release|Any CPU
		{574B8F5D-94B8-4ED1-A405-5DDD1C7A16E8}.CD_ROM|Mixed Platforms.Build.0 = Release|Any CPU
		{574B8F5D-94B8-4ED1-A405-5DDD1C7A16E8}.CD_ROM|Win32.ActiveCfg = Release|Any CPU
		{574B8F5D-94B8-4ED1-A405-5DDD1C7A16E8}.CD_ROM|x86.ActiveCfg = Release|Any CPU
		{574B8F5D-94B8-4ED1-A405-5DDD1C7A16E8}.Debug|Any CPU.ActiveCfg = Debug|Any CPU
		{574B8F5D-94B8-4ED1-A405-5DDD1C7A16E8}.Debug|Any CPU.Build.0 = Debug|Any CPU
		{574B8F5D-94B8-4ED1-A405-5DDD1C7A16E8}.Debug|Mixed Platforms.ActiveCfg = Debug|Any CPU
		{574B8F5D-94B8-4ED1-A405-5DDD1C7A16E8}.Debug|Mixed Platforms.Build.0 = Debug|Any CPU
		{574B8F5D-94B8-4ED1-A405-5DDD1C7A16E8}.Debug|Win32.ActiveCfg = Debug|Any CPU
		{574B8F5D-94B8-4ED1-A405-5DDD1C7A16E8}.Debug|x86.ActiveCfg = Debug|Any CPU
		{574B8F5D-94B8-4ED1-A405-5DDD1C7A16E8}.DVD-5|Any CPU.ActiveCfg = Debug|Any CPU
		{574B8F5D-94B8-4ED1-A405-5DDD1C7A16E8}.DVD-5|Any CPU.Build.0 = Debug|Any CPU
		{574B8F5D-94B8-4ED1-A405-5DDD1C7A16E8}.DVD-5|Mixed Platforms.ActiveCfg = Debug|Any CPU
		{574B8F5D-94B8-4ED1-A405-5DDD1C7A16E8}.DVD-5|Mixed Platforms.Build.0 = Debug|Any CPU
		{574B8F5D-94B8-4ED1-A405-5DDD1C7A16E8}.DVD-5|Win32.ActiveCfg = Debug|Any CPU
		{574B8F5D-94B8-4ED1-A405-5DDD1C7A16E8}.DVD-5|x86.ActiveCfg = Debug|Any CPU
		{574B8F5D-94B8-4ED1-A405-5DDD1C7A16E8}.Release|Any CPU.ActiveCfg = Release|Any CPU
		{574B8F5D-94B8-4ED1-A405-5DDD1C7A16E8}.Release|Any CPU.Build.0 = Release|Any CPU
		{574B8F5D-94B8-4ED1-A405-5DDD1C7A16E8}.Release|Mixed Platforms.ActiveCfg = Release|Any CPU
		{574B8F5D-94B8-4ED1-A405-5DDD1C7A16E8}.Release|Mixed Platforms.Build.0 = Release|Any CPU
		{574B8F5D-94B8-4ED1-A405-5DDD1C7A16E8}.Release|Win32.ActiveCfg = Release|Any CPU
		{574B8F5D-94B8-4ED1-A405-5DDD1C7A16E8}.Release|x86.ActiveCfg = Release|Any CPU
		{574B8F5D-94B8-4ED1-A405-5DDD1C7A16E8}.SingleImage|Any CPU.ActiveCfg = Release|Any CPU
		{574B8F5D-94B8-4ED1-A405-5DDD1C7A16E8}.SingleImage|Any CPU.Build.0 = Release|Any CPU
		{574B8F5D-94B8-4ED1-A405-5DDD1C7A16E8}.SingleImage|Mixed Platforms.ActiveCfg = Release|Any CPU
		{574B8F5D-94B8-4ED1-A405-5DDD1C7A16E8}.SingleImage|Mixed Platforms.Build.0 = Release|Any CPU
		{574B8F5D-94B8-4ED1-A405-5DDD1C7A16E8}.SingleImage|Win32.ActiveCfg = Release|Any CPU
		{574B8F5D-94B8-4ED1-A405-5DDD1C7A16E8}.SingleImage|x86.ActiveCfg = Release|Any CPU
	EndGlobalSection
	GlobalSection(SolutionProperties) = preSolution
		HideSolutionNode = FALSE
	EndGlobalSection
EndGlobal
