<?xml version="1.0" encoding="utf-8"?>
<Project ToolsVersion="4.0" xmlns="http://schemas.microsoft.com/developer/msbuild/2003">
  <ItemGroup>
    <Filter Include="源文件">
      <UniqueIdentifier>{4FC737F1-C7A5-4376-A066-2A32D752A2FF}</UniqueIdentifier>
      <Extensions>cpp;c;cc;cxx;def;odl;idl;hpj;bat;asm;asmx</Extensions>
    </Filter>
    <Filter Include="头文件">
      <UniqueIdentifier>{93995380-89BD-4b04-88EB-625FBE52EBFB}</UniqueIdentifier>
      <Extensions>h;hh;hpp;hxx;hm;inl;inc;xsd</Extensions>
    </Filter>
    <Filter Include="资源文件">
      <UniqueIdentifier>{67DA6AB6-F800-4c08-8B7A-83BB121AAD01}</UniqueIdentifier>
      <Extensions>rc;ico;cur;bmp;dlg;rc2;rct;bin;rgs;gif;jpg;jpeg;jpe;resx;tiff;tif;png;wav;mfcribbon-ms</Extensions>
    </Filter>
    <Filter Include="NS">
      <UniqueIdentifier>{2d5a3435-b74f-4d69-a295-7d6a60c8e2d2}</UniqueIdentifier>
    </Filter>
    <Filter Include="NS\include">
      <UniqueIdentifier>{1797fcb3-003f-4688-a9fb-b90ce9236ada}</UniqueIdentifier>
    </Filter>
    <Filter Include="NS\source">
      <UniqueIdentifier>{56bca77f-dd91-4cd4-b65a-75b27ae3390e}</UniqueIdentifier>
    </Filter>
    <Filter Include="NS\include\mysql-connector-c">
      <UniqueIdentifier>{b7a799a9-3ab0-4534-8370-cfd41143a639}</UniqueIdentifier>
    </Filter>
    <Filter Include="NS\include\mysql-connector-c\lib">
      <UniqueIdentifier>{1a4bd52e-1bf2-4535-80e7-b4285225ab0f}</UniqueIdentifier>
    </Filter>
    <Filter Include="NS\include\yyfile">
      <UniqueIdentifier>{a71dec45-2d70-4252-993e-51614fe85455}</UniqueIdentifier>
    </Filter>
    <Filter Include="NS\include\yyfile\clientobj">
      <UniqueIdentifier>{5af58084-dab5-4624-8def-9f271a78257d}</UniqueIdentifier>
    </Filter>
    <Filter Include="NS\include\yyfile\common">
      <UniqueIdentifier>{309f951c-9e2b-43ee-96d9-6d72a9b0e510}</UniqueIdentifier>
    </Filter>
    <Filter Include="NS\include\yyfile\fifoqueue">
      <UniqueIdentifier>{adee88e4-c6fb-455c-80f0-f24e91fc8639}</UniqueIdentifier>
    </Filter>
    <Filter Include="NS\include\yyfile\myrtp">
      <UniqueIdentifier>{b044183c-b744-4409-9207-d642d5cec450}</UniqueIdentifier>
    </Filter>
    <Filter Include="NS\include\yyfile\socketwrap">
      <UniqueIdentifier>{d704eecc-6644-4423-b074-761f65f01efd}</UniqueIdentifier>
    </Filter>
    <Filter Include="NS\include\yyfile\syninterface">
      <UniqueIdentifier>{a2e54c2c-f6c5-473e-8fbb-062943552c71}</UniqueIdentifier>
    </Filter>
    <Filter Include="NS\source\yyfile">
      <UniqueIdentifier>{4268fe87-e411-4be7-b61a-f288767a558c}</UniqueIdentifier>
    </Filter>
    <Filter Include="NS\source\yyfile\clientobj">
      <UniqueIdentifier>{37d18f63-519c-49ce-b435-180c84c07427}</UniqueIdentifier>
    </Filter>
    <Filter Include="NS\source\yyfile\common">
      <UniqueIdentifier>{da319b3a-e2df-40b5-804a-adec34f88353}</UniqueIdentifier>
    </Filter>
    <Filter Include="NS\source\yyfile\fifoqueue">
      <UniqueIdentifier>{9cccffb2-0ebb-4968-89bf-96c748206379}</UniqueIdentifier>
    </Filter>
    <Filter Include="NS\source\yyfile\myrtp">
      <UniqueIdentifier>{5af8eba0-50e4-44e2-ac49-386664113848}</UniqueIdentifier>
    </Filter>
    <Filter Include="NS\source\yyfile\socketwrap">
      <UniqueIdentifier>{6ca4434a-8a11-42c5-bf4f-ab63eec8b5e6}</UniqueIdentifier>
    </Filter>
    <Filter Include="NS\source\yyfile\syninterface">
      <UniqueIdentifier>{5cd74c5c-6c0c-4a37-b6d4-4a03f9f2f0e6}</UniqueIdentifier>
    </Filter>
    <Filter Include="NS\include\yyfile\myserver">
      <UniqueIdentifier>{5a6b1782-cd43-4d90-81a5-0a44d3d51f5e}</UniqueIdentifier>
    </Filter>
    <Filter Include="NS\source\yyfile\myserver">
      <UniqueIdentifier>{20a0a4c6-d5f1-475a-85ec-526ef24d9caa}</UniqueIdentifier>
    </Filter>
  </ItemGroup>
  <ItemGroup>
    <Text Include="ReadMe.txt" />
  </ItemGroup>
  <ItemGroup>
    <ClInclude Include="stdafx.h">
      <Filter>头文件</Filter>
    </ClInclude>
    <ClInclude Include="targetver.h">
      <Filter>头文件</Filter>
    </ClInclude>
    <ClInclude Include="..\..\..\WirlineSchedule\NS\include\Ambe3000.h">
      <Filter>NS\include</Filter>
    </ClInclude>
    <ClInclude Include="..\..\..\WirlineSchedule\NS\include\global.h">
      <Filter>NS\include</Filter>
    </ClInclude>
    <ClInclude Include="..\..\..\WirlineSchedule\NS\include\HMAC_SHA1.h">
      <Filter>NS\include</Filter>
    </ClInclude>
    <ClInclude Include="..\..\..\WirlineSchedule\NS\include\linklist.h">
      <Filter>NS\include</Filter>
    </ClInclude>
    <ClInclude Include="..\..\..\WirlineSchedule\NS\include\MotoDefine.h">
      <Filter>NS\include</Filter>
    </ClInclude>
    <ClInclude Include="..\..\..\WirlineSchedule\NS\include\mutex.h">
      <Filter>NS\include</Filter>
    </ClInclude>
    <ClInclude Include="..\..\..\WirlineSchedule\NS\include\MySQL.h">
      <Filter>NS\include</Filter>
    </ClInclude>
    <ClInclude Include="..\..\..\WirlineSchedule\NS\include\net.h">
      <Filter>NS\include</Filter>
    </ClInclude>
    <ClInclude Include="..\..\..\WirlineSchedule\NS\include\NetStruct.h">
      <Filter>NS\include</Filter>
    </ClInclude>
    <ClInclude Include="..\..\..\WirlineSchedule\NS\include\NS.h">
      <Filter>NS\include</Filter>
    </ClInclude>
    <ClInclude Include="..\..\..\WirlineSchedule\NS\include\NSAmbe.h">
      <Filter>NS\include</Filter>
    </ClInclude>
    <ClInclude Include="..\..\..\WirlineSchedule\NS\include\NSDongle.h">
      <Filter>NS\include</Filter>
    </ClInclude>
    <ClInclude Include="..\..\..\WirlineSchedule\NS\include\NSGlobal.h">
      <Filter>NS\include</Filter>
    </ClInclude>
    <ClInclude Include="..\..\..\WirlineSchedule\NS\include\NSLog.h">
      <Filter>NS\include</Filter>
    </ClInclude>
    <ClInclude Include="..\..\..\WirlineSchedule\NS\include\NSManager.h">
      <Filter>NS\include</Filter>
    </ClInclude>
    <ClInclude Include="..\..\..\WirlineSchedule\NS\include\NSNetBase.h">
      <Filter>NS\include</Filter>
    </ClInclude>
    <ClInclude Include="..\..\..\WirlineSchedule\NS\include\NSRecordFile.h">
      <Filter>NS\include</Filter>
    </ClInclude>
    <ClInclude Include="..\..\..\WirlineSchedule\NS\include\NSSerial.h">
      <Filter>NS\include</Filter>
    </ClInclude>
    <ClInclude Include="..\..\..\WirlineSchedule\NS\include\NSSound.h">
      <Filter>NS\include</Filter>
    </ClInclude>
    <ClInclude Include="..\..\..\WirlineSchedule\NS\include\NSStruct.h">
      <Filter>NS\include</Filter>
    </ClInclude>
    <ClInclude Include="..\..\..\WirlineSchedule\NS\include\NSWLNet.h">
      <Filter>NS\include</Filter>
    </ClInclude>
    <ClInclude Include="..\..\..\WirlineSchedule\NS\include\NSWLPeer.h">
      <Filter>NS\include</Filter>
    </ClInclude>
    <ClInclude Include="..\..\..\WirlineSchedule\NS\include\P2PNet.h">
      <Filter>NS\include</Filter>
    </ClInclude>
    <ClInclude Include="..\..\..\WirlineSchedule\NS\include\P2PPeer.h">
      <Filter>NS\include</Filter>
    </ClInclude>
    <ClInclude Include="..\..\..\WirlineSchedule\NS\include\ringbuffer.h">
      <Filter>NS\include</Filter>
    </ClInclude>
    <ClInclude Include="..\..\..\WirlineSchedule\NS\include\SHA1.h">
      <Filter>NS\include</Filter>
    </ClInclude>
    <ClInclude Include="..\..\..\WirlineSchedule\NS\include\Tool.h">
      <Filter>NS\include</Filter>
    </ClInclude>
    <ClInclude Include="..\..\..\WirlineSchedule\NS\include\WDK_VidPidQuery.h">
      <Filter>NS\include</Filter>
    </ClInclude>
    <ClInclude Include="..\..\..\WirlineSchedule\NS\source\stdafx.h">
      <Filter>NS\source</Filter>
    </ClInclude>
    <ClInclude Include="..\..\..\WirlineSchedule\NS\source\targetver.h">
      <Filter>NS\source</Filter>
    </ClInclude>
    <ClInclude Include="yy-file\src\ClientObj\clientobj.h">
      <Filter>NS\include\yyfile\clientobj</Filter>
    </ClInclude>
    <ClInclude Include="yy-file\src\FifoQueue\fifoqueue.h">
      <Filter>NS\include\yyfile\fifoqueue</Filter>
    </ClInclude>
    <ClInclude Include="yy-file\src\MyRTP\myrtp.h">
      <Filter>NS\include\yyfile\myrtp</Filter>
    </ClInclude>
    <ClInclude Include="yy-file\src\SynInterface\syninterface.h">
      <Filter>NS\include\yyfile\syninterface</Filter>
    </ClInclude>
    <ClInclude Include="yy-file\src\SocketWrap\socketwrap.h">
      <Filter>NS\include\yyfile\socketwrap</Filter>
    </ClInclude>
    <ClInclude Include="yy-file\src\myinclude.h">
      <Filter>NS\include\yyfile</Filter>
    </ClInclude>
    <ClInclude Include="yy-file\src\mymaster.h">
      <Filter>NS\include\yyfile</Filter>
    </ClInclude>
    <ClInclude Include="yy-file\src\MyServer\myserver.h">
      <Filter>NS\include\yyfile\myserver</Filter>
    </ClInclude>
    <ClInclude Include="yy-file\src\Common\common.h">
      <Filter>NS\include\yyfile\common</Filter>
    </ClInclude>
  </ItemGroup>
  <ItemGroup>
    <ClCompile Include="stdafx.cpp">
      <Filter>源文件</Filter>
    </ClCompile>
    <ClCompile Include="MasterNet.cpp">
      <Filter>源文件</Filter>
    </ClCompile>
    <ClCompile Include="..\..\..\WirlineSchedule\NS\source\HMAC_SHA1.cpp">
      <Filter>NS\source</Filter>
    </ClCompile>
    <ClCompile Include="..\..\..\WirlineSchedule\NS\source\linklist.c">
      <Filter>NS\source</Filter>
    </ClCompile>
    <ClCompile Include="..\..\..\WirlineSchedule\NS\source\MySQL.cpp">
      <Filter>NS\source</Filter>
    </ClCompile>
    <ClCompile Include="..\..\..\WirlineSchedule\NS\source\net.c">
      <Filter>NS\source</Filter>
    </ClCompile>
    <ClCompile Include="..\..\..\WirlineSchedule\NS\source\NS.cpp">
      <Filter>NS\source</Filter>
    </ClCompile>
    <ClCompile Include="..\..\..\WirlineSchedule\NS\source\NSAmbe.cpp">
      <Filter>NS\source</Filter>
    </ClCompile>
    <ClCompile Include="..\..\..\WirlineSchedule\NS\source\NSDongle.cpp">
      <Filter>NS\source</Filter>
    </ClCompile>
    <ClCompile Include="..\..\..\WirlineSchedule\NS\source\NSGlobal.cpp">
      <Filter>NS\source</Filter>
    </ClCompile>
    <ClCompile Include="..\..\..\WirlineSchedule\NS\source\NSLog.cpp">
      <Filter>NS\source</Filter>
    </ClCompile>
    <ClCompile Include="..\..\..\WirlineSchedule\NS\source\NSManager.cpp">
      <Filter>NS\source</Filter>
    </ClCompile>
    <ClCompile Include="..\..\..\WirlineSchedule\NS\source\NSRecordFile.cpp">
      <Filter>NS\source</Filter>
    </ClCompile>
    <ClCompile Include="..\..\..\WirlineSchedule\NS\source\NSSerial.cpp">
      <Filter>NS\source</Filter>
    </ClCompile>
    <ClCompile Include="..\..\..\WirlineSchedule\NS\source\NSSound.cpp">
      <Filter>NS\source</Filter>
    </ClCompile>
    <ClCompile Include="..\..\..\WirlineSchedule\NS\source\NSWLNet.cpp">
      <Filter>NS\source</Filter>
    </ClCompile>
    <ClCompile Include="..\..\..\WirlineSchedule\NS\source\NSWLPeer.cpp">
      <Filter>NS\source</Filter>
    </ClCompile>
    <ClCompile Include="..\..\..\WirlineSchedule\NS\source\P2PNet.cpp">
      <Filter>NS\source</Filter>
    </ClCompile>
    <ClCompile Include="..\..\..\WirlineSchedule\NS\source\P2PPeer.cpp">
      <Filter>NS\source</Filter>
    </ClCompile>
    <ClCompile Include="..\..\..\WirlineSchedule\NS\source\ringbuffer.c">
      <Filter>NS\source</Filter>
    </ClCompile>
    <ClCompile Include="..\..\..\WirlineSchedule\NS\source\SHA1.cpp">
      <Filter>NS\source</Filter>
    </ClCompile>
    <ClCompile Include="..\..\..\WirlineSchedule\NS\source\Tool.cpp">
      <Filter>NS\source</Filter>
    </ClCompile>
    <ClCompile Include="..\..\..\WirlineSchedule\NS\source\WDK_VidPidQuery.cpp">
      <Filter>NS\source</Filter>
    </ClCompile>
    <ClCompile Include="yy-file\src\ClientObj\clientobj.cpp">
      <Filter>NS\source\yyfile\clientobj</Filter>
    </ClCompile>
    <ClCompile Include="yy-file\src\FifoQueue\fifoqueue.cpp">
      <Filter>NS\source\yyfile\fifoqueue</Filter>
    </ClCompile>
    <ClCompile Include="yy-file\src\MyRTP\myrtp.cpp">
      <Filter>NS\source\yyfile\myrtp</Filter>
    </ClCompile>
    <ClCompile Include="yy-file\src\SocketWrap\socketwrap.cpp">
      <Filter>NS\source\yyfile\socketwrap</Filter>
    </ClCompile>
    <ClCompile Include="yy-file\src\SynInterface\syninterface.cpp">
      <Filter>NS\source\yyfile\syninterface</Filter>
    </ClCompile>
    <ClCompile Include="yy-file\src\mymaster.cpp">
      <Filter>NS\source\yyfile</Filter>
    </ClCompile>
    <ClCompile Include="yy-file\src\MyServer\myserver.cpp">
      <Filter>NS\source\yyfile\myserver</Filter>
    </ClCompile>
  </ItemGroup>
  <ItemGroup>
    <None Include="..\..\..\WirlineSchedule\NS\include\mysql-connector-c\lib\libmysql.dll">
      <Filter>NS\include\mysql-connector-c\lib</Filter>
    </None>
  </ItemGroup>
  <ItemGroup>
    <Library Include="..\..\..\WirlineSchedule\NS\include\mysql-connector-c\lib\libmysql.lib">
      <Filter>NS\include\mysql-connector-c\lib</Filter>
    </Library>
    <Library Include="..\..\..\WirlineSchedule\NS\include\mysql-connector-c\lib\mysqlclient.lib">
      <Filter>NS\include\mysql-connector-c\lib</Filter>
    </Library>
  </ItemGroup>
</Project>