<?xml version="1.0" encoding="utf-8"?>
<Project ToolsVersion="4.0" xmlns="http://schemas.microsoft.com/developer/msbuild/2003">
  <ItemGroup>
    <ClCompile Include="common.cpp">
      <Filter>源文件</Filter>
    </ClCompile>
    <ClCompile Include="stdafx.cpp">
      <Filter>源文件</Filter>
    </ClCompile>
    <ClCompile Include="WirlineSchedule.cpp">
      <Filter>源文件</Filter>
    </ClCompile>
    <ClCompile Include="RecorderServer.cpp">
      <Filter>源文件\wampserver</Filter>
    </ClCompile>
    <ClCompile Include="WLRecord.cpp">
      <Filter>源文件\data</Filter>
    </ClCompile>
    <ClCompile Include="AudioLog.cpp">
      <Filter>源文件\data</Filter>
    </ClCompile>
    <ClCompile Include="..\lib\rpc\src\TcpServer.cpp">
      <Filter>rpc\source</Filter>
    </ClCompile>
    <ClCompile Include="..\lib\rpc\src\RpcServer.cpp">
      <Filter>rpc\source</Filter>
    </ClCompile>
    <ClCompile Include="..\lib\rpc\src\RpcJsonParser.cpp">
      <Filter>rpc\source</Filter>
    </ClCompile>
    <ClCompile Include="..\lib\radio\DataScheduling.cpp">
      <Filter>mins\source</Filter>
    </ClCompile>
    <ClCompile Include="..\lib\radio\ars\RadioARS.cpp">
      <Filter>mins\source</Filter>
    </ClCompile>
    <ClCompile Include="..\lib\radio\gps\RadioGps.cpp">
      <Filter>mins\source</Filter>
    </ClCompile>
    <ClCompile Include="..\lib\radio\text\TextMsg.cpp">
      <Filter>mins\source</Filter>
    </ClCompile>
    <ClCompile Include="..\lib\radio\allCommonl.cpp">
      <Filter>mins\source</Filter>
    </ClCompile>
    <ClCompile Include="..\lib\service\service.cpp">
      <Filter>rpc\source</Filter>
    </ClCompile>
    <ClCompile Include="..\lib\rpc\src\ringbuffer.c">
      <Filter>rpc\source</Filter>
    </ClCompile>
    <ClCompile Include="NS\source\HMAC_SHA1.cpp">
      <Filter>NS\source</Filter>
    </ClCompile>
    <ClCompile Include="NS\source\linklist.c">
      <Filter>NS\source</Filter>
    </ClCompile>
    <ClCompile Include="NS\source\MySQL.cpp">
      <Filter>NS\source</Filter>
    </ClCompile>
    <ClCompile Include="NS\source\net.c">
      <Filter>NS\source</Filter>
    </ClCompile>
    <ClCompile Include="NS\source\NSAmbe.cpp">
      <Filter>NS\source</Filter>
    </ClCompile>
    <ClCompile Include="NS\source\NSDongle.cpp">
      <Filter>NS\source</Filter>
    </ClCompile>
    <ClCompile Include="NS\source\NSGlobal.cpp">
      <Filter>NS\source</Filter>
    </ClCompile>
    <ClCompile Include="NS\source\NSLog.cpp">
      <Filter>NS\source</Filter>
    </ClCompile>
    <ClCompile Include="NS\source\NSManager.cpp">
      <Filter>NS\source</Filter>
    </ClCompile>
    <ClCompile Include="NS\source\NSRecordFile.cpp">
      <Filter>NS\source</Filter>
    </ClCompile>
    <ClCompile Include="NS\source\NSSerial.cpp">
      <Filter>NS\source</Filter>
    </ClCompile>
    <ClCompile Include="NS\source\NSSound.cpp">
      <Filter>NS\source</Filter>
    </ClCompile>
    <ClCompile Include="NS\source\NSWLNet.cpp">
      <Filter>NS\source</Filter>
    </ClCompile>
    <ClCompile Include="NS\source\NSWLPeer.cpp">
      <Filter>NS\source</Filter>
    </ClCompile>
    <ClCompile Include="NS\source\P2PNet.cpp">
      <Filter>NS\source</Filter>
    </ClCompile>
    <ClCompile Include="NS\source\P2PPeer.cpp">
      <Filter>NS\source</Filter>
    </ClCompile>
    <ClCompile Include="NS\source\SHA1.cpp">
      <Filter>NS\source</Filter>
    </ClCompile>
    <ClCompile Include="NS\source\Tool.cpp">
      <Filter>NS\source</Filter>
    </ClCompile>
    <ClCompile Include="NS\source\WDK_VidPidQuery.cpp">
      <Filter>NS\source</Filter>
    </ClCompile>
    <ClCompile Include="IPSCPeer.cpp">
      <Filter>源文件\class</Filter>
    </ClCompile>
    <ClCompile Include="Manager.cpp">
      <Filter>源文件\class</Filter>
    </ClCompile>
    <ClCompile Include="SerialDongle.cpp">
      <Filter>源文件\class</Filter>
    </ClCompile>
    <ClCompile Include="Sound.cpp">
      <Filter>源文件\class</Filter>
    </ClCompile>
    <ClCompile Include="WLNet.cpp">
      <Filter>源文件\class</Filter>
    </ClCompile>
    <ClCompile Include="WLRecordFile.cpp">
      <Filter>源文件\class</Filter>
    </ClCompile>
    <ClCompile Include="WLSocketLog.cpp">
      <Filter>源文件\class</Filter>
    </ClCompile>
    <ClCompile Include="NS\source\ringbuffer.c">
      <Filter>NS\source</Filter>
    </ClCompile>
    <ClCompile Include="NS\source\NS.cpp">
      <Filter>NS\source</Filter>
    </ClCompile>
  </ItemGroup>
  <ItemGroup>
    <ClInclude Include="common.h">
      <Filter>头文件</Filter>
    </ClInclude>
    <ClInclude Include="stdafx.h">
      <Filter>头文件</Filter>
    </ClInclude>
    <ClInclude Include="targetver.h">
      <Filter>头文件</Filter>
    </ClInclude>
    <ClInclude Include="VoiceDefs.h">
      <Filter>头文件</Filter>
    </ClInclude>
    <ClInclude Include="RecorderServer.h">
      <Filter>头文件\wampserver</Filter>
    </ClInclude>
    <ClInclude Include="mutex.h">
      <Filter>头文件\wampserver</Filter>
    </ClInclude>
    <ClInclude Include="IPSCPeer.h">
      <Filter>头文件\class</Filter>
    </ClInclude>
    <ClInclude Include="SerialDongle.h">
      <Filter>头文件\class</Filter>
    </ClInclude>
    <ClInclude Include="Sound.h">
      <Filter>头文件\class</Filter>
    </ClInclude>
    <ClInclude Include="WLNet.h">
      <Filter>头文件\class</Filter>
    </ClInclude>
    <ClInclude Include="Manager.h">
      <Filter>头文件\class</Filter>
    </ClInclude>
    <ClInclude Include="WLRecord.h">
      <Filter>头文件\data</Filter>
    </ClInclude>
    <ClInclude Include="AudioLog.h">
      <Filter>头文件\data</Filter>
    </ClInclude>
    <ClInclude Include="WLRecordFile.h">
      <Filter>头文件\class</Filter>
    </ClInclude>
    <ClInclude Include="..\lib\rpc\include\request.h">
      <Filter>rpc\include</Filter>
    </ClInclude>
    <ClInclude Include="..\lib\rpc\include\BaseConnector.h">
      <Filter>rpc\include</Filter>
    </ClInclude>
    <ClInclude Include="..\lib\rpc\include\RpcJsonParser.h">
      <Filter>rpc\include</Filter>
    </ClInclude>
    <ClInclude Include="..\lib\rpc\include\RpcServer.h">
      <Filter>rpc\include</Filter>
    </ClInclude>
    <ClInclude Include="..\lib\rpc\include\TcpServer.h">
      <Filter>rpc\include</Filter>
    </ClInclude>
    <ClInclude Include="actionHandler.h">
      <Filter>action-handler</Filter>
    </ClInclude>
    <ClInclude Include="..\lib\radio\DataScheduling.h">
      <Filter>mins\include</Filter>
    </ClInclude>
    <ClInclude Include="..\lib\radio\ars\RadioARS.h">
      <Filter>mins\include</Filter>
    </ClInclude>
    <ClInclude Include="..\lib\radio\gps\RadioGps.h">
      <Filter>mins\include</Filter>
    </ClInclude>
    <ClInclude Include="..\lib\radio\text\TextMsg.h">
      <Filter>mins\include</Filter>
    </ClInclude>
    <ClInclude Include="..\lib\radio\common.h">
      <Filter>mins\include</Filter>
    </ClInclude>
    <ClInclude Include="..\lib\radio\allCommon.h">
      <Filter>mins\include</Filter>
    </ClInclude>
    <ClInclude Include="..\lib\service\service.h">
      <Filter>rpc\include</Filter>
    </ClInclude>
    <ClInclude Include="..\lib\glog\logging.h">
      <Filter>glog</Filter>
    </ClInclude>
    <ClInclude Include="WLSocketLog.h">
      <Filter>头文件\class</Filter>
    </ClInclude>
    <ClInclude Include="..\lib\rpc\include\ringbuffer.h">
      <Filter>rpc\include</Filter>
    </ClInclude>
    <ClInclude Include="NS\include\Ambe3000.h">
      <Filter>NS\include</Filter>
    </ClInclude>
    <ClInclude Include="NS\include\global.h">
      <Filter>NS\include</Filter>
    </ClInclude>
    <ClInclude Include="NS\include\HMAC_SHA1.h">
      <Filter>NS\include</Filter>
    </ClInclude>
    <ClInclude Include="NS\include\linklist.h">
      <Filter>NS\include</Filter>
    </ClInclude>
    <ClInclude Include="NS\include\MotoDefine.h">
      <Filter>NS\include</Filter>
    </ClInclude>
    <ClInclude Include="NS\include\mutex.h">
      <Filter>NS\include</Filter>
    </ClInclude>
    <ClInclude Include="NS\include\MySQL.h">
      <Filter>NS\include</Filter>
    </ClInclude>
    <ClInclude Include="NS\include\net.h">
      <Filter>NS\include</Filter>
    </ClInclude>
    <ClInclude Include="NS\include\NetStruct.h">
      <Filter>NS\include</Filter>
    </ClInclude>
    <ClInclude Include="NS\include\NSAmbe.h">
      <Filter>NS\include</Filter>
    </ClInclude>
    <ClInclude Include="NS\include\NSDongle.h">
      <Filter>NS\include</Filter>
    </ClInclude>
    <ClInclude Include="NS\include\NSGlobal.h">
      <Filter>NS\include</Filter>
    </ClInclude>
    <ClInclude Include="NS\include\NSLog.h">
      <Filter>NS\include</Filter>
    </ClInclude>
    <ClInclude Include="NS\include\NSManager.h">
      <Filter>NS\include</Filter>
    </ClInclude>
    <ClInclude Include="NS\include\NSNetBase.h">
      <Filter>NS\include</Filter>
    </ClInclude>
    <ClInclude Include="NS\include\NSRecordFile.h">
      <Filter>NS\include</Filter>
    </ClInclude>
    <ClInclude Include="NS\include\NSSerial.h">
      <Filter>NS\include</Filter>
    </ClInclude>
    <ClInclude Include="NS\include\NSSound.h">
      <Filter>NS\include</Filter>
    </ClInclude>
    <ClInclude Include="NS\include\NSStruct.h">
      <Filter>NS\include</Filter>
    </ClInclude>
    <ClInclude Include="NS\include\NSWLNet.h">
      <Filter>NS\include</Filter>
    </ClInclude>
    <ClInclude Include="NS\include\NSWLPeer.h">
      <Filter>NS\include</Filter>
    </ClInclude>
    <ClInclude Include="NS\include\P2PNet.h">
      <Filter>NS\include</Filter>
    </ClInclude>
    <ClInclude Include="NS\include\P2PPeer.h">
      <Filter>NS\include</Filter>
    </ClInclude>
    <ClInclude Include="NS\include\SHA1.h">
      <Filter>NS\include</Filter>
    </ClInclude>
    <ClInclude Include="NS\include\Tool.h">
      <Filter>NS\include</Filter>
    </ClInclude>
    <ClInclude Include="NS\include\WDK_VidPidQuery.h">
      <Filter>NS\include</Filter>
    </ClInclude>
    <ClInclude Include="NS\include\ringbuffer.h">
      <Filter>NS\include</Filter>
    </ClInclude>
    <ClInclude Include="NS\include\NS.h">
      <Filter>NS\include</Filter>
    </ClInclude>
  </ItemGroup>
  <ItemGroup>
    <Text Include="ReadMe.txt" />
  </ItemGroup>
  <ItemGroup>
    <Filter Include="rpc">
      <UniqueIdentifier>{2489940c-fab1-4b66-8561-5c7c7e6424ad}</UniqueIdentifier>
    </Filter>
    <Filter Include="rpc\include">
      <UniqueIdentifier>{48caf54f-5e09-48e2-804b-0ac7b2b04340}</UniqueIdentifier>
    </Filter>
    <Filter Include="rpc\source">
      <UniqueIdentifier>{468e6bea-90e2-4f18-bf6f-944acc05d795}</UniqueIdentifier>
    </Filter>
    <Filter Include="action-handler">
      <UniqueIdentifier>{17d8350c-801e-472f-81ef-85ebb7e5cadd}</UniqueIdentifier>
    </Filter>
    <Filter Include="mins">
      <UniqueIdentifier>{a139c3cc-911c-4787-930b-0d677d1cc087}</UniqueIdentifier>
    </Filter>
    <Filter Include="mins\include">
      <UniqueIdentifier>{f8e7c6fb-3b00-4c36-8ce1-86687052e4c9}</UniqueIdentifier>
    </Filter>
    <Filter Include="mins\source">
      <UniqueIdentifier>{c649651e-6a9b-404a-a246-941ecba8f1ea}</UniqueIdentifier>
    </Filter>
    <Filter Include="glog">
      <UniqueIdentifier>{897a0b18-5e89-4115-8a72-bb3fcc983ebf}</UniqueIdentifier>
    </Filter>
    <Filter Include="头文件">
      <UniqueIdentifier>{57520bbf-e856-4e6b-956e-995892d6c4f4}</UniqueIdentifier>
    </Filter>
    <Filter Include="头文件\data">
      <UniqueIdentifier>{9842d64f-8510-4b23-8766-687ffa659807}</UniqueIdentifier>
    </Filter>
    <Filter Include="头文件\wampserver">
      <UniqueIdentifier>{59ab17ff-7597-43a5-b799-70b3765547ab}</UniqueIdentifier>
    </Filter>
    <Filter Include="头文件\class">
      <UniqueIdentifier>{2f0f0b62-e268-44b9-9c16-0676ffb928f7}</UniqueIdentifier>
    </Filter>
    <Filter Include="源文件">
      <UniqueIdentifier>{af2633c2-8a32-4dc2-9005-86b33b9eb70e}</UniqueIdentifier>
    </Filter>
    <Filter Include="源文件\data">
      <UniqueIdentifier>{5ff1fc2f-b425-438d-8dc1-ff090f99f95c}</UniqueIdentifier>
    </Filter>
    <Filter Include="源文件\wampserver">
      <UniqueIdentifier>{73aefc18-6a16-43ca-aead-c0268dac440c}</UniqueIdentifier>
    </Filter>
    <Filter Include="NS">
      <UniqueIdentifier>{a8161e58-54de-4cf1-8305-77f9563fa69c}</UniqueIdentifier>
    </Filter>
    <Filter Include="NS\include">
      <UniqueIdentifier>{96958e9b-ba28-44fd-9c3e-0bf148ef285d}</UniqueIdentifier>
    </Filter>
    <Filter Include="NS\source">
      <UniqueIdentifier>{527b4355-347d-4722-8e91-0c87e374ba08}</UniqueIdentifier>
    </Filter>
    <Filter Include="NS\include\mysql-connector-c">
      <UniqueIdentifier>{64f44f6e-d9d5-4ff2-bce0-cc5411713314}</UniqueIdentifier>
    </Filter>
    <Filter Include="NS\include\mysql-connector-c\include">
      <UniqueIdentifier>{bc64ffc8-bb47-4b27-9bb5-686f23bc45a5}</UniqueIdentifier>
    </Filter>
    <Filter Include="NS\include\mysql-connector-c\lib">
      <UniqueIdentifier>{ce7bb663-aa63-4d89-b866-b4a9f0c0e64a}</UniqueIdentifier>
    </Filter>
    <Filter Include="源文件\class">
      <UniqueIdentifier>{17713e6f-8ddd-4f34-80cb-cb8fd151d852}</UniqueIdentifier>
    </Filter>
  </ItemGroup>
  <ItemGroup>
    <None Include="NS\include\mysql-connector-c\lib\libmysql.dll">
      <Filter>NS\include\mysql-connector-c\lib</Filter>
    </None>
  </ItemGroup>
  <ItemGroup>
    <Library Include="NS\include\mysql-connector-c\lib\libmysql.lib">
      <Filter>NS\include\mysql-connector-c\lib</Filter>
    </Library>
    <Library Include="NS\include\mysql-connector-c\lib\mysqlclient.lib">
      <Filter>NS\include\mysql-connector-c\lib</Filter>
    </Library>
  </ItemGroup>
</Project>