<?xml version="1.0" encoding="utf-8"?>
<Project ToolsVersion="4.0" xmlns="http://schemas.microsoft.com/developer/msbuild/2003">
  <ItemGroup>
    <Filter Include="源文件">
      <UniqueIdentifier>{4FC737F1-C7A5-4376-A066-2A32D752A2FF}</UniqueIdentifier>
      <Extensions>cpp;c;cc;cxx;def;odl;idl;hpj;bat;asm;asmx</Extensions>
    </Filter>
    <Filter Include="头文件">
      <UniqueIdentifier>{93995380-89BD-4b04-88EB-625FBE52EBFB}</UniqueIdentifier>
      <Extensions>h;hh;hpp;hxx;hm;inl;inc;xsd</Extensions>
    </Filter>
    <Filter Include="资源文件">
      <UniqueIdentifier>{67DA6AB6-F800-4c08-8B7A-83BB121AAD01}</UniqueIdentifier>
      <Extensions>rc;ico;cur;bmp;dlg;rc2;rct;bin;rgs;gif;jpg;jpeg;jpe;resx;tiff;tif;png;wav;mfcribbon-ms</Extensions>
    </Filter>
    <Filter Include="gps">
      <UniqueIdentifier>{6b3862fc-4e3d-4c21-9347-8b39a507f59a}</UniqueIdentifier>
    </Filter>
    <Filter Include="ars">
      <UniqueIdentifier>{fdd5ead7-712f-4e0e-96a3-367376b89b5c}</UniqueIdentifier>
    </Filter>
    <Filter Include="text">
      <UniqueIdentifier>{852e7e84-fa62-4b3d-9f62-0d9eeea58701}</UniqueIdentifier>
    </Filter>
    <Filter Include="xcmp">
      <UniqueIdentifier>{454dd649-d9c5-4f17-a18c-bcc324b5c658}</UniqueIdentifier>
    </Filter>
    <Filter Include="rpc">
      <UniqueIdentifier>{8f9fbd40-1d12-459d-a412-b430cd0e2624}</UniqueIdentifier>
    </Filter>
    <Filter Include="rpc\include">
      <UniqueIdentifier>{786fb5de-f057-46d2-bf65-8cb0f7e45070}</UniqueIdentifier>
    </Filter>
    <Filter Include="rpc\src">
      <UniqueIdentifier>{be7734da-0899-47a3-85a3-2b5dfd4faa1d}</UniqueIdentifier>
    </Filter>
    <Filter Include="action">
      <UniqueIdentifier>{4e05e764-4f8f-4ef1-aa52-28194cd6e92d}</UniqueIdentifier>
    </Filter>
  </ItemGroup>
  <ItemGroup>
    <Text Include="ReadMe.txt" />
  </ItemGroup>
  <ItemGroup>
    <ClInclude Include="stdafx.h">
      <Filter>头文件</Filter>
    </ClInclude>
    <ClInclude Include="targetver.h">
      <Filter>头文件</Filter>
    </ClInclude>
    <ClInclude Include="Util.h">
      <Filter>头文件</Filter>
    </ClInclude>
    <ClInclude Include="..\glog\logging.h">
      <Filter>头文件</Filter>
    </ClInclude>
    <ClInclude Include="RadioARS.h">
      <Filter>ars</Filter>
    </ClInclude>
    <ClInclude Include="RadioGps.h">
      <Filter>gps</Filter>
    </ClInclude>
    <ClInclude Include="TextMsg.h">
      <Filter>text</Filter>
    </ClInclude>
    <ClInclude Include="xcmp_msg_defs.h">
      <Filter>xcmp</Filter>
    </ClInclude>
    <ClInclude Include="xnl_messages_def.h">
      <Filter>xcmp</Filter>
    </ClInclude>
    <ClInclude Include="XNLConnection.h">
      <Filter>xcmp</Filter>
    </ClInclude>
    <ClInclude Include="DispatchOperate.h">
      <Filter>头文件</Filter>
    </ClInclude>
    <ClInclude Include="UnitTest.h">
      <Filter>头文件</Filter>
    </ClInclude>
    <ClInclude Include="..\lib\rpc\include\AbstractAction.h">
      <Filter>rpc\include</Filter>
    </ClInclude>
    <ClInclude Include="..\lib\rpc\include\BaseConnector.h">
      <Filter>rpc\include</Filter>
    </ClInclude>
    <ClInclude Include="..\lib\rpc\include\RpcJsonParser.h">
      <Filter>rpc\include</Filter>
    </ClInclude>
    <ClInclude Include="..\lib\rpc\include\RpcServer.h">
      <Filter>rpc\include</Filter>
    </ClInclude>
    <ClInclude Include="..\lib\rpc\include\TcpServer.h">
      <Filter>rpc\include</Filter>
    </ClInclude>
    <ClInclude Include="AllCallEventAction.h">
      <Filter>action</Filter>
    </ClInclude>
    <ClInclude Include="CallEventAction.h">
      <Filter>action</Filter>
    </ClInclude>
    <ClInclude Include="CancelgpspEventAction.h">
      <Filter>action</Filter>
    </ClInclude>
    <ClInclude Include="ConnectEventAction.h">
      <Filter>action</Filter>
    </ClInclude>
    <ClInclude Include="GetGpsEventAction.h">
      <Filter>action</Filter>
    </ClInclude>
    <ClInclude Include="GetOverTurnGpsEventAction.h">
      <Filter>action</Filter>
    </ClInclude>
    <ClInclude Include="GroupCallEventAction.h">
      <Filter>action</Filter>
    </ClInclude>
    <ClInclude Include="RadioCheckEventAction.h">
      <Filter>action</Filter>
    </ClInclude>
    <ClInclude Include="RemotePowerOffEventAction.h">
      <Filter>action</Filter>
    </ClInclude>
    <ClInclude Include="RemotePowerOnEventAction.h">
      <Filter>action</Filter>
    </ClInclude>
    <ClInclude Include="SendGroupSmsEventAction.h">
      <Filter>action</Filter>
    </ClInclude>
    <ClInclude Include="SendSmsEventAction.h">
      <Filter>action</Filter>
    </ClInclude>
    <ClInclude Include="StopCallEventAction.h">
      <Filter>action</Filter>
    </ClInclude>
    <ClInclude Include="WiretapEventAction.h">
      <Filter>action</Filter>
    </ClInclude>
  </ItemGroup>
  <ItemGroup>
    <ClCompile Include="stdafx.cpp">
      <Filter>源文件</Filter>
    </ClCompile>
    <ClCompile Include="Dispatch.cpp">
      <Filter>源文件</Filter>
    </ClCompile>
    <ClCompile Include="TextMsg.cpp">
      <Filter>text</Filter>
    </ClCompile>
    <ClCompile Include="XNLConnection.cpp">
      <Filter>xcmp</Filter>
    </ClCompile>
    <ClCompile Include="DispatchOperate.cpp">
      <Filter>源文件</Filter>
    </ClCompile>
    <ClCompile Include="RadioGps.cpp">
      <Filter>gps</Filter>
    </ClCompile>
    <ClCompile Include="RadioARS.cpp">
      <Filter>ars</Filter>
    </ClCompile>
    <ClCompile Include="UnitTest.cpp">
      <Filter>源文件</Filter>
    </ClCompile>
    <ClCompile Include="..\lib\rpc\src\RpcJsonParser.cpp">
      <Filter>rpc\src</Filter>
    </ClCompile>
    <ClCompile Include="..\lib\rpc\src\RpcServer.cpp">
      <Filter>rpc\src</Filter>
    </ClCompile>
    <ClCompile Include="..\lib\rpc\src\TcpServer.cpp">
      <Filter>rpc\src</Filter>
    </ClCompile>
  </ItemGroup>
</Project>