<?xml version="1.0" encoding="utf-8"?>
<Project ToolsVersion="4.0" xmlns="http://schemas.microsoft.com/developer/msbuild/2003">
  <ItemGroup>
    <Filter Include="源文件">
      <UniqueIdentifier>{4FC737F1-C7A5-4376-A066-2A32D752A2FF}</UniqueIdentifier>
      <Extensions>cpp;c;cc;cxx;def;odl;idl;hpj;bat;asm;asmx</Extensions>
    </Filter>
    <Filter Include="头文件">
      <UniqueIdentifier>{93995380-89BD-4b04-88EB-625FBE52EBFB}</UniqueIdentifier>
      <Extensions>h;hh;hpp;hxx;hm;inl;inc;xsd</Extensions>
    </Filter>
    <Filter Include="资源文件">
      <UniqueIdentifier>{67DA6AB6-F800-4c08-8B7A-83BB121AAD01}</UniqueIdentifier>
      <Extensions>rc;ico;cur;bmp;dlg;rc2;rct;bin;rgs;gif;jpg;jpeg;jpe;resx;tiff;tif;png;wav;mfcribbon-ms</Extensions>
    </Filter>
    <Filter Include="rpc">
      <UniqueIdentifier>{a3186c43-880e-4563-8eb5-dc4c5f31c924}</UniqueIdentifier>
    </Filter>
    <Filter Include="rpc\src">
      <UniqueIdentifier>{ad4d119d-5f41-48fd-a118-1148a722967a}</UniqueIdentifier>
    </Filter>
    <Filter Include="rpc\include">
      <UniqueIdentifier>{31039049-f5fd-485f-8318-14c8d253a9b8}</UniqueIdentifier>
    </Filter>
    <Filter Include="CUtil">
      <UniqueIdentifier>{a80f3f40-5e2c-41fa-9c19-b37540687352}</UniqueIdentifier>
    </Filter>
  </ItemGroup>
  <ItemGroup>
    <Text Include="ReadMe.txt" />
  </ItemGroup>
  <ItemGroup>
    <ClInclude Include="Monitor.h">
      <Filter>头文件</Filter>
    </ClInclude>
    <ClInclude Include="MonitorDlg.h">
      <Filter>头文件</Filter>
    </ClInclude>
    <ClInclude Include="stdafx.h">
      <Filter>头文件</Filter>
    </ClInclude>
    <ClInclude Include="targetver.h">
      <Filter>头文件</Filter>
    </ClInclude>
    <ClInclude Include="TServerMonitor.h">
      <Filter>头文件</Filter>
    </ClInclude>
    <ClInclude Include="MonitorServer.h">
      <Filter>头文件</Filter>
    </ClInclude>
    <ClInclude Include="Settings.h">
      <Filter>头文件</Filter>
    </ClInclude>
    <ClInclude Include="..\lib\rpc\include\BaseConnector.h">
      <Filter>rpc\include</Filter>
    </ClInclude>
    <ClInclude Include="..\lib\rpc\include\FieldValue.h">
      <Filter>rpc\include</Filter>
    </ClInclude>
    <ClInclude Include="..\lib\rpc\include\RpcJsonParser.h">
      <Filter>rpc\include</Filter>
    </ClInclude>
    <ClInclude Include="..\lib\rpc\include\RpcServer.h">
      <Filter>rpc\include</Filter>
    </ClInclude>
    <ClInclude Include="..\lib\rpc\include\TcpServer.h">
      <Filter>rpc\include</Filter>
    </ClInclude>
    <ClInclude Include="ConnectAction.h">
      <Filter>头文件</Filter>
    </ClInclude>
    <ClInclude Include="Tool.h">
      <Filter>头文件</Filter>
    </ClInclude>
    <ClInclude Include="StartMysql.h">
      <Filter>头文件</Filter>
    </ClInclude>
    <ClInclude Include="resource.h">
      <Filter>头文件</Filter>
    </ClInclude>
    <ClInclude Include="ConvertUTF.h">
      <Filter>CUtil</Filter>
    </ClInclude>
    <ClInclude Include="Util.h">
      <Filter>CUtil</Filter>
    </ClInclude>
    <ClInclude Include="..\lib\rpc\include\ringbuffer.h">
      <Filter>rpc\include</Filter>
    </ClInclude>
  </ItemGroup>
  <ItemGroup>
    <ClCompile Include="Monitor.cpp">
      <Filter>源文件</Filter>
    </ClCompile>
    <ClCompile Include="MonitorDlg.cpp">
      <Filter>源文件</Filter>
    </ClCompile>
    <ClCompile Include="stdafx.cpp">
      <Filter>源文件</Filter>
    </ClCompile>
    <ClCompile Include="MonitorServer.cpp">
      <Filter>源文件</Filter>
    </ClCompile>
    <ClCompile Include="Settings.cpp">
      <Filter>源文件</Filter>
    </ClCompile>
    <ClCompile Include="TServerMonitor.cpp">
      <Filter>源文件</Filter>
    </ClCompile>
    <ClCompile Include="..\lib\rpc\src\RpcJsonParser.cpp">
      <Filter>rpc\src</Filter>
    </ClCompile>
    <ClCompile Include="..\lib\rpc\src\RpcServer.cpp">
      <Filter>rpc\src</Filter>
    </ClCompile>
    <ClCompile Include="..\lib\rpc\src\TcpServer.cpp">
      <Filter>rpc\src</Filter>
    </ClCompile>
    <ClCompile Include="Tool.cpp">
      <Filter>源文件</Filter>
    </ClCompile>
    <ClCompile Include="StartMysql.cpp">
      <Filter>源文件</Filter>
    </ClCompile>
    <ClCompile Include="ConvertUTF.c">
      <Filter>CUtil</Filter>
    </ClCompile>
    <ClCompile Include="Util.cpp">
      <Filter>CUtil</Filter>
    </ClCompile>
    <ClCompile Include="..\lib\rpc\src\ringbuffer.c">
      <Filter>rpc\src</Filter>
    </ClCompile>
  </ItemGroup>
  <ItemGroup>
    <ResourceCompile Include="Monitor.rc">
      <Filter>资源文件</Filter>
    </ResourceCompile>
  </ItemGroup>
  <ItemGroup>
    <None Include="res\Monitor.rc2">
      <Filter>资源文件</Filter>
    </None>
  </ItemGroup>
  <ItemGroup>
    <Image Include="res\Monitor.ico">
      <Filter>资源文件</Filter>
    </Image>
  </ItemGroup>
</Project>