<?xml version="1.0" encoding="utf-8"?>
<Project ToolsVersion="4.0" xmlns="http://schemas.microsoft.com/developer/msbuild/2003">
  <ItemGroup>
    <Filter Include="Source Files">
      <UniqueIdentifier>{4FC737F1-C7A5-4376-A066-2A32D752A2FF}</UniqueIdentifier>
      <Extensions>cpp;c;cc;cxx;def;odl;idl;hpj;bat;asm;asmx</Extensions>
    </Filter>
    <Filter Include="Header Files">
      <UniqueIdentifier>{93995380-89BD-4b04-88EB-625FBE52EBFB}</UniqueIdentifier>
      <Extensions>h;hh;hpp;hxx;hm;inl;inc;xsd</Extensions>
    </Filter>
    <Filter Include="Resource Files">
      <UniqueIdentifier>{67DA6AB6-F800-4c08-8B7A-83BB121AAD01}</UniqueIdentifier>
      <Extensions>rc;ico;cur;bmp;dlg;rc2;rct;bin;rgs;gif;jpg;jpeg;jpe;resx;tiff;tif;png;wav;mfcribbon-ms</Extensions>
    </Filter>
    <Filter Include="lib">
      <UniqueIdentifier>{b9342d45-86c0-4d56-9abd-ecad79000720}</UniqueIdentifier>
    </Filter>
    <Filter Include="lib\rpc">
      <UniqueIdentifier>{dfd66c43-0fb7-45df-9702-df4271bd0b1b}</UniqueIdentifier>
    </Filter>
    <Filter Include="lib\rpc\include">
      <UniqueIdentifier>{50b739a7-a5a9-4a90-8226-702b2f93e406}</UniqueIdentifier>
    </Filter>
    <Filter Include="lib\rpc\src">
      <UniqueIdentifier>{4197395a-be5f-4596-8821-af5f3a290c37}</UniqueIdentifier>
    </Filter>
    <Filter Include="lib\strutil">
      <UniqueIdentifier>{962e9f37-f84e-4ff1-b61e-ef34e3fec147}</UniqueIdentifier>
    </Filter>
    <Filter Include="action">
      <UniqueIdentifier>{433da747-3f74-4924-ab1c-e936aefaaca2}</UniqueIdentifier>
    </Filter>
    <Filter Include="serverAction">
      <UniqueIdentifier>{0a8462f7-4c7a-435a-bc94-e5cfc681b257}</UniqueIdentifier>
    </Filter>
    <Filter Include="clientAction">
      <UniqueIdentifier>{953314cb-fdfc-4e31-8dbb-f76bd7e01bd2}</UniqueIdentifier>
    </Filter>
    <Filter Include="Tool">
      <UniqueIdentifier>{396b2f69-6cc7-4920-9d60-0be70b2f2660}</UniqueIdentifier>
    </Filter>
    <Filter Include="http">
      <UniqueIdentifier>{f337165d-62aa-4384-a67c-5bbd3f7c8d24}</UniqueIdentifier>
    </Filter>
  </ItemGroup>
  <ItemGroup>
    <Text Include="ReadMe.txt" />
  </ItemGroup>
  <ItemGroup>
    <ClInclude Include="stdafx.h">
      <Filter>Header Files</Filter>
    </ClInclude>
    <ClInclude Include="targetver.h">
      <Filter>Header Files</Filter>
    </ClInclude>
    <ClInclude Include="..\lib\rpc\include\BaseConnector.h">
      <Filter>lib\rpc\include</Filter>
    </ClInclude>
    <ClInclude Include="..\lib\rpc\include\request.h">
      <Filter>lib\rpc\include</Filter>
    </ClInclude>
    <ClInclude Include="..\lib\rpc\include\RpcClient.h">
      <Filter>lib\rpc\include</Filter>
    </ClInclude>
    <ClInclude Include="..\lib\rpc\include\RpcJsonParser.h">
      <Filter>lib\rpc\include</Filter>
    </ClInclude>
    <ClInclude Include="..\lib\rpc\include\RpcServer.h">
      <Filter>lib\rpc\include</Filter>
    </ClInclude>
    <ClInclude Include="..\lib\rpc\include\TcpClientConnector.h">
      <Filter>lib\rpc\include</Filter>
    </ClInclude>
    <ClInclude Include="..\lib\rpc\include\TcpServer.h">
      <Filter>lib\rpc\include</Filter>
    </ClInclude>
    <ClInclude Include="..\lib\strutil\strutil.h">
      <Filter>lib\strutil</Filter>
    </ClInclude>
    <ClInclude Include="Settings.h">
      <Filter>Header Files</Filter>
    </ClInclude>
    <ClInclude Include="StartAction.h">
      <Filter>action</Filter>
    </ClInclude>
    <ClInclude Include="Broker.h">
      <Filter>Header Files</Filter>
    </ClInclude>
    <ClInclude Include="SettingAction.h">
      <Filter>action</Filter>
    </ClInclude>
    <ClInclude Include="AllCallAction.h">
      <Filter>action</Filter>
    </ClInclude>
    <ClInclude Include="CancelGpsAction.h">
      <Filter>action</Filter>
    </ClInclude>
    <ClInclude Include="ConenctRadioAction.h">
      <Filter>action</Filter>
    </ClInclude>
    <ClInclude Include="GetGpsAction.h">
      <Filter>action</Filter>
    </ClInclude>
    <ClInclude Include="GetOverTurnGpsAction.h">
      <Filter>action</Filter>
    </ClInclude>
    <ClInclude Include="GroupCallAction.h">
      <Filter>action</Filter>
    </ClInclude>
    <ClInclude Include="RadioCheckAction.h">
      <Filter>action</Filter>
    </ClInclude>
    <ClInclude Include="RemotePowerOffAction.h">
      <Filter>action</Filter>
    </ClInclude>
    <ClInclude Include="RemotePowerOnAction.h">
      <Filter>action</Filter>
    </ClInclude>
    <ClInclude Include="SendGroupSmsAction.h">
      <Filter>action</Filter>
    </ClInclude>
    <ClInclude Include="SendSmsAction.h">
      <Filter>action</Filter>
    </ClInclude>
    <ClInclude Include="StopCallAction.h">
      <Filter>action</Filter>
    </ClInclude>
    <ClInclude Include="WiretapAction.h">
      <Filter>action</Filter>
    </ClInclude>
    <ClInclude Include="PrivateCallAction.h">
      <Filter>action</Filter>
    </ClInclude>
    <ClInclude Include="CallAction.h">
      <Filter>serverAction</Filter>
    </ClInclude>
    <ClInclude Include="ControlAction.h">
      <Filter>serverAction</Filter>
    </ClInclude>
    <ClInclude Include="GpsAction.h">
      <Filter>serverAction</Filter>
    </ClInclude>
    <ClInclude Include="MsgAction.h">
      <Filter>serverAction</Filter>
    </ClInclude>
    <ClInclude Include="RecvGpsAction.h">
      <Filter>clientAction</Filter>
    </ClInclude>
    <ClInclude Include="RecvArsAction.h">
      <Filter>clientAction</Filter>
    </ClInclude>
    <ClInclude Include="RecvMessageAction.h">
      <Filter>clientAction</Filter>
    </ClInclude>
    <ClInclude Include="RecvConnectResultAction.h">
      <Filter>clientAction</Filter>
    </ClInclude>
    <ClInclude Include="RecvControlResultAction.h">
      <Filter>clientAction</Filter>
    </ClInclude>
    <ClInclude Include="RecvMessageResultAction.h">
      <Filter>clientAction</Filter>
    </ClInclude>
    <ClInclude Include="RecvStatusAction.h">
      <Filter>clientAction</Filter>
    </ClInclude>
    <ClInclude Include="StatusAction.h">
      <Filter>serverAction</Filter>
    </ClInclude>
    <ClInclude Include="RecvCallStatusAction.h">
      <Filter>clientAction</Filter>
    </ClInclude>
    <ClInclude Include="RecvSendGpsStatus.h">
      <Filter>clientAction</Filter>
    </ClInclude>
    <ClInclude Include="WireLanSendAction.h">
      <Filter>clientAction</Filter>
    </ClInclude>
    <ClInclude Include="WireLanRecvAction.h">
      <Filter>serverAction</Filter>
    </ClInclude>
    <ClInclude Include="RecvGetConfigAction.h">
      <Filter>clientAction</Filter>
    </ClInclude>
    <ClInclude Include="MonitorServer.h">
      <Filter>Header Files</Filter>
    </ClInclude>
    <ClInclude Include="..\lib\service\service.h">
      <Filter>Header Files</Filter>
    </ClInclude>
    <ClInclude Include="GetSettingAction.h">
      <Filter>clientAction</Filter>
    </ClInclude>
    <ClInclude Include="RecvSerialAction.h">
      <Filter>clientAction</Filter>
    </ClInclude>
    <ClInclude Include="..\lib\AES\Aes.h">
      <Filter>lib</Filter>
    </ClInclude>
    <ClInclude Include="QueryLicenseAction.h">
      <Filter>serverAction</Filter>
    </ClInclude>
    <ClInclude Include="RegisterLicenseAction.h">
      <Filter>serverAction</Filter>
    </ClInclude>
    <ClInclude Include="Tool.h">
      <Filter>Tool</Filter>
    </ClInclude>
    <ClInclude Include="Http.h">
      <Filter>http</Filter>
    </ClInclude>
    <ClInclude Include="schexception.h">
      <Filter>http</Filter>
    </ClInclude>
    <ClInclude Include="mongoose.h">
      <Filter>http</Filter>
    </ClInclude>
    <ClInclude Include="RecvLocationIndoorAction.h">
      <Filter>clientAction</Filter>
    </ClInclude>
    <ClInclude Include="..\lib\rpc\include\ringbuffer.h">
      <Filter>lib\rpc\include</Filter>
    </ClInclude>
    <ClInclude Include="QueryDeviceAction.h">
      <Filter>serverAction</Filter>
    </ClInclude>
    <ClInclude Include="common.h">
      <Filter>Header Files</Filter>
    </ClInclude>
  </ItemGroup>
  <ItemGroup>
    <ClCompile Include="stdafx.cpp">
      <Filter>Source Files</Filter>
    </ClCompile>
    <ClCompile Include="TServer.cpp">
      <Filter>Source Files</Filter>
    </ClCompile>
    <ClCompile Include="..\lib\rpc\src\RpcClient.cpp">
      <Filter>lib\rpc\src</Filter>
    </ClCompile>
    <ClCompile Include="..\lib\rpc\src\RpcJsonParser.cpp">
      <Filter>lib\rpc\src</Filter>
    </ClCompile>
    <ClCompile Include="..\lib\rpc\src\RpcServer.cpp">
      <Filter>lib\rpc\src</Filter>
    </ClCompile>
    <ClCompile Include="..\lib\rpc\src\TcpClientConnector.cpp">
      <Filter>lib\rpc\src</Filter>
    </ClCompile>
    <ClCompile Include="..\lib\rpc\src\TcpServer.cpp">
      <Filter>lib\rpc\src</Filter>
    </ClCompile>
    <ClCompile Include="..\lib\strutil\strutil.cpp">
      <Filter>lib\strutil</Filter>
    </ClCompile>
    <ClCompile Include="Settings.cpp">
      <Filter>Source Files</Filter>
    </ClCompile>
    <ClCompile Include="Broker.cpp">
      <Filter>Source Files</Filter>
    </ClCompile>
    <ClCompile Include="MonitorServer.cpp">
      <Filter>Source Files</Filter>
    </ClCompile>
    <ClCompile Include="..\lib\service\service.cpp">
      <Filter>Source Files</Filter>
    </ClCompile>
    <ClCompile Include="..\lib\AES\Aes.cpp">
      <Filter>lib</Filter>
    </ClCompile>
    <ClCompile Include="Tool.cpp">
      <Filter>Tool</Filter>
    </ClCompile>
    <ClCompile Include="Http.cpp">
      <Filter>http</Filter>
    </ClCompile>
    <ClCompile Include="mongoose.c">
      <Filter>http</Filter>
    </ClCompile>
    <ClCompile Include="..\lib\rpc\src\ringbuffer.c">
      <Filter>lib\rpc\src</Filter>
    </ClCompile>
  </ItemGroup>
</Project>